<?xml version="1.0" encoding="utf-8"?>
<Project ToolsVersion="4.0" xmlns="http://schemas.microsoft.com/developer/msbuild/2003">
  <ItemGroup>
    <Filter Include="Source Files">
      <UniqueIdentifier>{4FC737F1-C7A5-4376-A066-2A32D752A2FF}</UniqueIdentifier>
      <Extensions>cpp;c;cxx;def;odl;idl;hpj;bat;asm;asmx</Extensions>
    </Filter>
    <Filter Include="Header Files">
      <UniqueIdentifier>{93995380-89BD-4b04-88EB-625FBE52EBFB}</UniqueIdentifier>
      <Extensions>h;hpp;hxx;hm;inl;inc;xsd</Extensions>
    </Filter>
    <Filter Include="Generated Files">
      <UniqueIdentifier>{71ED8ED8-ACB9-4CE9-BBE1-E00B30144E11}</UniqueIdentifier>
      <Extensions>cpp;c;cxx;moc;h;def;odl;idl;res;</Extensions>
    </Filter>
    <Filter Include="Generated Files\Debug_Win32">
      <UniqueIdentifier>{121a8f3b-d53b-4217-b8ea-ef6c4f6a1c0d}</UniqueIdentifier>
      <Extensions>cpp;moc</Extensions>
      <SourceControlFiles>False</SourceControlFiles>
    </Filter>
    <Filter Include="Generated Files\Debug_x64">
      <UniqueIdentifier>{d56c75ba-b55d-4a1d-aa1a-c74967240e49}</UniqueIdentifier>
      <Extensions>cpp;moc</Extensions>
      <SourceControlFiles>False</SourceControlFiles>
    </Filter>
    <Filter Include="Generated Files\Release_Win32">
      <UniqueIdentifier>{7b879964-ad8a-41ae-a114-5fd09d54b7a4}</UniqueIdentifier>
      <Extensions>cpp;moc</Extensions>
      <SourceControlFiles>False</SourceControlFiles>
    </Filter>
    <Filter Include="Generated Files\Release_x64">
      <UniqueIdentifier>{c3abea02-5cb6-4a25-8236-aff181831a70}</UniqueIdentifier>
      <Extensions>cpp;moc</Extensions>
      <SourceControlFiles>False</SourceControlFiles>
    </Filter>
    <Filter Include="Form Files">
      <UniqueIdentifier>{99349809-55BA-4b9d-BF79-8FDBB0286EB3}</UniqueIdentifier>
      <Extensions>ui</Extensions>
      <ParseFiles>false</ParseFiles>
    </Filter>
    <Filter Include="Resource Files">
      <UniqueIdentifier>{D9D6E242-F8AF-46E4-B9FD-80ECBC20BA3E}</UniqueIdentifier>
      <Extensions>qrc;*</Extensions>
      <ParseFiles>false</ParseFiles>
    </Filter>
  </ItemGroup>
  <ItemGroup>
    <ClCompile Include="KeyBoardplugin.cpp">
      <Filter>Source Files</Filter>
    </ClCompile>
    <ClCompile Include="StdAfx.cpp">
      <Filter>Source Files</Filter>
    </ClCompile>
    <ClCompile Include="keyboard_dialog.cpp">
      <Filter>Source Files</Filter>
    </ClCompile>
    <ClCompile Include="SystemKeyboardReadWrite.cpp">
      <Filter>Source Files</Filter>
    </ClCompile>
    <ClCompile Include="keyboardCaptureThread.cpp">
      <Filter>Source Files</Filter>
    </ClCompile>
    <ClCompile Include="KeyBoardCapture.cpp">
      <Filter>Source Files</Filter>
    </ClCompile>
    <ClCompile Include="..\..\..\Build_MSVC\Qt\Win32\Debug\Moc\moc_SystemKeyboardReadWrite.cpp">
      <Filter>Generated Files\Debug_Win32</Filter>
    </ClCompile>
    <ClCompile Include="..\..\..\Build_MSVC\Qt\x64\Debug\Moc\moc_SystemKeyboardReadWrite.cpp">
      <Filter>Generated Files\Debug_x64</Filter>
    </ClCompile>
    <ClCompile Include="..\..\..\Build_MSVC\Qt\Win32\Release\Moc\moc_SystemKeyboardReadWrite.cpp">
      <Filter>Generated Files\Release_Win32</Filter>
    </ClCompile>
    <ClCompile Include="..\..\..\Build_MSVC\Qt\x64\Release\Moc\moc_SystemKeyboardReadWrite.cpp">
      <Filter>Generated Files\Release_x64</Filter>
    </ClCompile>
    <ClCompile Include="..\..\..\Build_MSVC\Qt\Win32\Debug\Moc\moc_keyboard_dialog.cpp">
      <Filter>Generated Files\Debug_Win32</Filter>
    </ClCompile>
    <ClCompile Include="..\..\..\Build_MSVC\Qt\x64\Debug\Moc\moc_keyboard_dialog.cpp">
      <Filter>Generated Files\Debug_x64</Filter>
    </ClCompile>
    <ClCompile Include="..\..\..\Build_MSVC\Qt\Win32\Release\Moc\moc_keyboard_dialog.cpp">
      <Filter>Generated Files\Release_Win32</Filter>
    </ClCompile>
    <ClCompile Include="..\..\..\Build_MSVC\Qt\x64\Release\Moc\moc_keyboard_dialog.cpp">
      <Filter>Generated Files\Release_x64</Filter>
    </ClCompile>
    <ClCompile Include="..\..\..\Build_MSVC\Qt\Win32\Debug\Moc\moc_KeyBoardplugin.cpp">
      <Filter>Generated Files\Debug_Win32</Filter>
    </ClCompile>
    <ClCompile Include="..\..\..\Build_MSVC\Qt\x64\Debug\Moc\moc_KeyBoardplugin.cpp">
      <Filter>Generated Files\Debug_x64</Filter>
    </ClCompile>
    <ClCompile Include="..\..\..\Build_MSVC\Qt\Win32\Release\Moc\moc_KeyBoardplugin.cpp">
      <Filter>Generated Files\Release_Win32</Filter>
    </ClCompile>
    <ClCompile Include="..\..\..\Build_MSVC\Qt\x64\Release\Moc\moc_KeyBoardplugin.cpp">
      <Filter>Generated Files\Release_x64</Filter>
    </ClCompile>
    <ClCompile Include="..\..\..\Build_MSVC\Qt\Win32\Debug\Moc\moc_keyboardCaptureThread.cpp">
      <Filter>Generated Files\Debug_Win32</Filter>
    </ClCompile>
    <ClCompile Include="..\..\..\Build_MSVC\Qt\x64\Debug\Moc\moc_keyboardCaptureThread.cpp">
      <Filter>Generated Files\Debug_x64</Filter>
    </ClCompile>
    <ClCompile Include="..\..\..\Build_MSVC\Qt\Win32\Release\Moc\moc_keyboardCaptureThread.cpp">
      <Filter>Generated Files\Release_Win32</Filter>
    </ClCompile>
    <ClCompile Include="..\..\..\Build_MSVC\Qt\x64\Release\Moc\moc_keyboardCaptureThread.cpp">
      <Filter>Generated Files\Release_x64</Filter>
    </ClCompile>
    <ClCompile Include="..\..\..\Build_MSVC\Qt\Win32\Debug\Moc\moc_KeyBoardCapture.cpp">
      <Filter>Generated Files\Debug_Win32</Filter>
    </ClCompile>
    <ClCompile Include="..\..\..\Build_MSVC\Qt\x64\Debug\Moc\moc_KeyBoardCapture.cpp">
      <Filter>Generated Files\Debug_x64</Filter>
    </ClCompile>
    <ClCompile Include="..\..\..\Build_MSVC\Qt\Win32\Release\Moc\moc_KeyBoardCapture.cpp">
      <Filter>Generated Files\Release_Win32</Filter>
    </ClCompile>
    <ClCompile Include="..\..\..\Build_MSVC\Qt\x64\Release\Moc\moc_KeyBoardCapture.cpp">
      <Filter>Generated Files\Release_x64</Filter>
    </ClCompile>
  </ItemGroup>
  <ItemGroup>
    <ClInclude Include="StdAfx.h">
      <Filter>Header Files</Filter>
    </ClInclude>
    <ClInclude Include="resource.h">
      <Filter>Header Files</Filter>
    </ClInclude>
    <ClInclude Include="defines.h">
      <Filter>Header Files</Filter>
    </ClInclude>
    <ClInclude Include="..\..\BrainStim\plugininterface.h">
      <Filter>Header Files</Filter>
    </ClInclude>
    <ClInclude Include="Global.h">
      <Filter>Header Files</Filter>
    </ClInclude>
    <ClInclude Include="..\..\..\Build_MSVC\Qt\$(PlatformName)\$(ConfigurationName)\GeneratedFiles\ui_keyboard_dialog.h">
      <Filter>Generated Files</Filter>
    </ClInclude>
  </ItemGroup>
  <ItemGroup>
    <CustomBuild Include="KeyBoardplugin.h">
      <Filter>Header Files</Filter>
    </CustomBuild>
    <CustomBuild Include="keyboard_dialog.ui">
      <Filter>Form Files</Filter>
    </CustomBuild>
    <CustomBuild Include="keyboard_dialog.h">
      <Filter>Header Files</Filter>
    </CustomBuild>
    <CustomBuild Include="SystemKeyboardReadWrite.h">
      <Filter>Header Files</Filter>
    </CustomBuild>
    <CustomBuild Include="keyboardCaptureThread.h">
      <Filter>Header Files</Filter>
    </CustomBuild>
    <CustomBuild Include="KeyBoardCapture.h">
      <Filter>Header Files</Filter>
    </CustomBuild>
  </ItemGroup>
  <ItemGroup>
    <ResourceCompile Include="KeyBoardplugin.rc" />
  </ItemGroup>
  <ItemGroup>
    <None Include="licenseHeader.licenseheader" />
    <None Include="KeyBoardCapture.json" />
  </ItemGroup>
</Project>