<?xml version="1.0" encoding="utf-8"?>
<Project ToolsVersion="4.0" xmlns="http://schemas.microsoft.com/developer/msbuild/2003">
  <ItemGroup>
    <Filter Include="Generated Files">
      <UniqueIdentifier>{71ED8ED8-ACB9-4CE9-BBE1-E00B30144E11}</UniqueIdentifier>
      <Extensions>cpp;c;cxx;moc;h;def;odl;idl;res;</Extensions>
    </Filter>
    <Filter Include="Generated Files">
      <UniqueIdentifier>{71ED8ED8-ACB9-4CE9-BBE1-E00B30144E11}</UniqueIdentifier>
      <Extensions>cpp;c;cxx;moc;h;def;odl;idl;res;</Extensions>
    </Filter>
    <Filter Include="Source Files">
      <UniqueIdentifier>{4FC737F1-C7A5-4376-A066-2A32D752A2FF}</UniqueIdentifier>
      <Extensions>cpp;c;cxx;def;odl;idl;hpj;bat;asm;asmx</Extensions>
    </Filter>
    <Filter Include="Source Files">
      <UniqueIdentifier>{4FC737F1-C7A5-4376-A066-2A32D752A2FF}</UniqueIdentifier>
      <Extensions>cpp;c;cxx;def;odl;idl;hpj;bat;asm;asmx</Extensions>
    </Filter>
    <Filter Include="Generated Files\Debug_Win32">
      <UniqueIdentifier>{1757c49a-5b6f-4b56-8ad8-daa870aad005}</UniqueIdentifier>
      <Extensions>cpp;moc</Extensions>
      <SourceControlFiles>False</SourceControlFiles>
    </Filter>
    <Filter Include="Generated Files\Release_Win32">
      <UniqueIdentifier>{cec43d46-9f59-4937-831c-3bbfa7119d80}</UniqueIdentifier>
      <Extensions>cpp;moc</Extensions>
      <SourceControlFiles>False</SourceControlFiles>
    </Filter>
    <Filter Include="Generated Files\Debug_x64">
      <UniqueIdentifier>{9101cb9c-c642-4662-be44-b36a5f5a892d}</UniqueIdentifier>
      <Extensions>cpp;moc</Extensions>
      <SourceControlFiles>False</SourceControlFiles>
    </Filter>
    <Filter Include="Generated Files\Release_x64">
      <UniqueIdentifier>{86b21605-5f73-43cf-ba9c-5f6d7903d86b}</UniqueIdentifier>
      <Extensions>cpp;moc</Extensions>
      <SourceControlFiles>False</SourceControlFiles>
    </Filter>
    <Filter Include="Header Files">
      <UniqueIdentifier>{93995380-89BD-4b04-88EB-625FBE52EBFB}</UniqueIdentifier>
      <Extensions>h</Extensions>
      <ParseFiles>true</ParseFiles>
    </Filter>
  </ItemGroup>
  <ItemGroup>
    <ClCompile Include="DefaultPlugin.cpp">
      <Filter>Source Files</Filter>
    </ClCompile>
    <ClCompile Include="TimeModel.cpp">
      <Filter>Source Files</Filter>
    </ClCompile>
    <ClCompile Include="..\..\..\..\Build_MSVC\Qt\Win32\Debug\Moc\moc_TimeModel.cpp">
      <Filter>Generated Files\Debug_Win32</Filter>
    </ClCompile>
    <ClCompile Include="..\..\..\..\Build_MSVC\Qt\x64\Debug\Moc\moc_TimeModel.cpp">
      <Filter>Generated Files\Debug_x64</Filter>
    </ClCompile>
    <ClCompile Include="..\..\..\..\Build_MSVC\Qt\Win32\Release\Moc\moc_TimeModel.cpp">
      <Filter>Generated Files\Release_Win32</Filter>
    </ClCompile>
    <ClCompile Include="..\..\..\..\Build_MSVC\Qt\x64\Release\Moc\moc_TimeModel.cpp">
      <Filter>Generated Files\Release_x64</Filter>
    </ClCompile>
    <ClCompile Include="..\..\..\..\Build_MSVC\Qt\Win32\Debug\Moc\moc_DefaultPlugin.cpp">
      <Filter>Generated Files\Debug_Win32</Filter>
    </ClCompile>
    <ClCompile Include="..\..\..\..\Build_MSVC\Qt\x64\Debug\Moc\moc_DefaultPlugin.cpp">
      <Filter>Generated Files\Debug_x64</Filter>
    </ClCompile>
    <ClCompile Include="..\..\..\..\Build_MSVC\Qt\Win32\Release\Moc\moc_DefaultPlugin.cpp">
      <Filter>Generated Files\Release_Win32</Filter>
    </ClCompile>
    <ClCompile Include="..\..\..\..\Build_MSVC\Qt\x64\Release\Moc\moc_DefaultPlugin.cpp">
      <Filter>Generated Files\Release_x64</Filter>
    </ClCompile>
    <ClCompile Include="..\..\..\..\Build_MSVC\Qt\Win32\Debug\Moc\moc_ogreitem.cpp">
      <Filter>Generated Files\Debug_Win32</Filter>
    </ClCompile>
    <ClCompile Include="..\..\..\..\Build_MSVC\Qt\x64\Debug\Moc\moc_ogreitem.cpp">
      <Filter>Generated Files\Debug_x64</Filter>
    </ClCompile>
    <ClCompile Include="..\..\..\..\Build_MSVC\Qt\Win32\Release\Moc\moc_ogreitem.cpp">
      <Filter>Generated Files\Release_Win32</Filter>
    </ClCompile>
    <ClCompile Include="..\..\..\..\Build_MSVC\Qt\x64\Release\Moc\moc_ogreitem.cpp">
      <Filter>Generated Files\Release_x64</Filter>
    </ClCompile>
    <ClCompile Include="ogreitem.cpp">
      <Filter>Source Files</Filter>
    </ClCompile>
    <ClCompile Include="ogrenode.cpp">
      <Filter>Source Files</Filter>
    </ClCompile>
    <ClCompile Include="..\..\..\..\Build_MSVC\Qt\Win32\Debug\Moc\moc_OgreCameraNode.cpp">
      <Filter>Generated Files\Debug_Win32</Filter>
    </ClCompile>
    <ClCompile Include="..\..\..\..\Build_MSVC\Qt\x64\Debug\Moc\moc_OgreCameraNode.cpp">
      <Filter>Generated Files\Debug_x64</Filter>
    </ClCompile>
    <ClCompile Include="..\..\..\..\Build_MSVC\Qt\Win32\Release\Moc\moc_OgreCameraNode.cpp">
      <Filter>Generated Files\Release_Win32</Filter>
    </ClCompile>
    <ClCompile Include="..\..\..\..\Build_MSVC\Qt\x64\Release\Moc\moc_OgreCameraNode.cpp">
      <Filter>Generated Files\Release_x64</Filter>
    </ClCompile>
    <ClCompile Include="OgreCameraNode.cpp">
      <Filter>Source Files</Filter>
    </ClCompile>
    <ClCompile Include="..\..\..\..\Build_MSVC\Qt\Win32\Debug\Moc\moc_OgreLightNode.cpp">
      <Filter>Generated Files\Debug_Win32</Filter>
    </ClCompile>
    <ClCompile Include="..\..\..\..\Build_MSVC\Qt\x64\Debug\Moc\moc_OgreLightNode.cpp">
      <Filter>Generated Files\Debug_x64</Filter>
    </ClCompile>
    <ClCompile Include="..\..\..\..\Build_MSVC\Qt\Win32\Release\Moc\moc_OgreLightNode.cpp">
      <Filter>Generated Files\Release_Win32</Filter>
    </ClCompile>
    <ClCompile Include="..\..\..\..\Build_MSVC\Qt\x64\Release\Moc\moc_OgreLightNode.cpp">
      <Filter>Generated Files\Release_x64</Filter>
    </ClCompile>
    <ClCompile Include="OgreLightNode.cpp">
      <Filter>Source Files</Filter>
    </ClCompile>
  </ItemGroup>
  <ItemGroup>
    <CustomBuild Include="DefaultPlugin.h">
      <Filter>Header Files</Filter>
    </CustomBuild>
    <CustomBuild Include="TimeModel.h">
      <Filter>Header Files</Filter>
    </CustomBuild>
    <CustomBuild Include="ogreitem.h">
      <Filter>Header Files</Filter>
    </CustomBuild>
    <CustomBuild Include="ogrenode.h">
      <Filter>Header Files</Filter>
    </CustomBuild>
    <CustomBuild Include="OgreCameraNode.h">
      <Filter>Header Files</Filter>
    </CustomBuild>
    <CustomBuild Include="OgreLightNode.h">
      <Filter>Header Files</Filter>
    </CustomBuild>
  </ItemGroup>
  <ItemGroup>
    <ClInclude Include="defines.h">
      <Filter>Header Files</Filter>
    </ClInclude>
  </ItemGroup>
  <ItemGroup>
    <None Include="DefaultQMLPlugin.json" />
  </ItemGroup>
</Project>