<?xml version="1.0" encoding="utf-8"?>
<Project ToolsVersion="4.0" xmlns="http://schemas.microsoft.com/developer/msbuild/2003">
  <ItemGroup>
    <Filter Include="Source Files">
      <UniqueIdentifier>{4FC737F1-C7A5-4376-A066-2A32D752A2FF}</UniqueIdentifier>
      <Extensions>cpp;c;cxx;def;odl;idl;hpj;bat;asm;asmx</Extensions>
    </Filter>
    <Filter Include="Header Files">
      <UniqueIdentifier>{93995380-89BD-4b04-88EB-625FBE52EBFB}</UniqueIdentifier>
      <Extensions>h;hpp;hxx;hm;inl;inc;xsd</Extensions>
    </Filter>
    <Filter Include="Generated Files">
      <UniqueIdentifier>{71ED8ED8-ACB9-4CE9-BBE1-E00B30144E11}</UniqueIdentifier>
      <Extensions>cpp;c;cxx;moc;h;def;odl;idl;res;</Extensions>
    </Filter>
    <Filter Include="Generated Files\Debug_Win32">
      <UniqueIdentifier>{cdbe32a0-f975-4de7-a544-21126e226cf2}</UniqueIdentifier>
      <Extensions>cpp;moc</Extensions>
      <SourceControlFiles>False</SourceControlFiles>
    </Filter>
    <Filter Include="Generated Files\Release_Win32">
      <UniqueIdentifier>{9abef92d-183d-46e5-97b0-c01ba4940f75}</UniqueIdentifier>
      <Extensions>cpp;moc</Extensions>
      <SourceControlFiles>False</SourceControlFiles>
    </Filter>
    <Filter Include="Generated Files\Debug_x64">
      <UniqueIdentifier>{5a454598-60e2-4075-a2ac-3c96e84ca678}</UniqueIdentifier>
      <Extensions>cpp;moc</Extensions>
      <SourceControlFiles>False</SourceControlFiles>
    </Filter>
    <Filter Include="Generated Files\Release_x64">
      <UniqueIdentifier>{fc0c76cd-7415-489f-9f2b-18ee8d4dd015}</UniqueIdentifier>
      <Extensions>cpp;moc</Extensions>
      <SourceControlFiles>False</SourceControlFiles>
    </Filter>
    <Filter Include="Resource Files">
      <UniqueIdentifier>{D9D6E242-F8AF-46E4-B9FD-80ECBC20BA3E}</UniqueIdentifier>
      <Extensions>qrc;*</Extensions>
      <ParseFiles>false</ParseFiles>
    </Filter>
    <Filter Include="Form Files">
      <UniqueIdentifier>{99349809-55BA-4b9d-BF79-8FDBB0286EB3}</UniqueIdentifier>
      <Extensions>ui</Extensions>
    </Filter>
  </ItemGroup>
  <ItemGroup>
    <ClCompile Include="aboutqtdialog.cpp">
      <Filter>Source Files</Filter>
    </ClCompile>
    <ClCompile Include="customqsciscintilla.cpp">
      <Filter>Source Files</Filter>
    </ClCompile>
    <ClCompile Include="documentmanager.cpp">
      <Filter>Source Files</Filter>
    </ClCompile>
    <ClCompile Include="main.cpp">
      <Filter>Source Files</Filter>
    </ClCompile>
    <ClCompile Include="mainappinfo.cpp">
      <Filter>Source Files</Filter>
    </ClCompile>
    <ClCompile Include="mainwindow.cpp">
      <Filter>Source Files</Filter>
    </ClCompile>
    <ClCompile Include="optionpage.cpp">
      <Filter>Source Files</Filter>
    </ClCompile>
    <ClCompile Include="qtscriptengine.cpp">
      <Filter>Source Files</Filter>
    </ClCompile>
    <ClCompile Include="qtscriptengineagent.cpp">
      <Filter>Source Files</Filter>
    </ClCompile>
    <ClCompile Include="qtscriptworker.cpp">
      <Filter>Source Files</Filter>
    </ClCompile>
    <ClCompile Include="scifinddialog.cpp">
      <Filter>Source Files</Filter>
    </ClCompile>
    <ClCompile Include="svgview.cpp">
      <Filter>Source Files</Filter>
    </ClCompile>
    <ClCompile Include="assistant.cpp">
      <Filter>Source Files</Filter>
    </ClCompile>
    <ClCompile Include="outputlistdelegate.cpp">
      <Filter>Source Files</Filter>
    </ClCompile>
    <ClCompile Include="globalapplicationinformation.cpp">
      <Filter>Source Files</Filter>
    </ClCompile>
    <ClCompile Include="documentwindow.cpp">
      <Filter>Source Files</Filter>
    </ClCompile>
    <ClCompile Include="mainappexchange.cpp">
      <Filter>Source Files</Filter>
    </ClCompile>
    <ClCompile Include="..\..\Build_MSVC\Qt\$(PlatformName)\$(ConfigurationName)\GeneratedFiles\qrc_BrainStim.cpp">
      <Filter>Generated Files</Filter>
    </ClCompile>
    <ClCompile Include="networkserver.cpp">
      <Filter>Source Files</Filter>
    </ClCompile>
    <ClCompile Include="networkserverthread.cpp">
      <Filter>Source Files</Filter>
    </ClCompile>
    <ClCompile Include="..\..\Build_MSVC\Qt\Win32\Debug\Moc\moc_svgview.cpp">
      <Filter>Generated Files\Debug_Win32</Filter>
    </ClCompile>
    <ClCompile Include="..\..\Build_MSVC\Qt\x64\Debug\Moc\moc_svgview.cpp">
      <Filter>Generated Files\Debug_x64</Filter>
    </ClCompile>
    <ClCompile Include="..\..\Build_MSVC\Qt\Win32\Release\Moc\moc_svgview.cpp">
      <Filter>Generated Files\Release_Win32</Filter>
    </ClCompile>
    <ClCompile Include="..\..\Build_MSVC\Qt\x64\Release\Moc\moc_svgview.cpp">
      <Filter>Generated Files\Release_x64</Filter>
    </ClCompile>
    <ClCompile Include="..\..\Build_MSVC\Qt\Win32\Debug\Moc\moc_scifinddialog.cpp">
      <Filter>Generated Files\Debug_Win32</Filter>
    </ClCompile>
    <ClCompile Include="..\..\Build_MSVC\Qt\x64\Debug\Moc\moc_scifinddialog.cpp">
      <Filter>Generated Files\Debug_x64</Filter>
    </ClCompile>
    <ClCompile Include="..\..\Build_MSVC\Qt\Win32\Release\Moc\moc_scifinddialog.cpp">
      <Filter>Generated Files\Release_Win32</Filter>
    </ClCompile>
    <ClCompile Include="..\..\Build_MSVC\Qt\x64\Release\Moc\moc_scifinddialog.cpp">
      <Filter>Generated Files\Release_x64</Filter>
    </ClCompile>
    <ClCompile Include="..\..\Build_MSVC\Qt\Win32\Debug\Moc\moc_qtscriptworker.cpp">
      <Filter>Generated Files\Debug_Win32</Filter>
    </ClCompile>
    <ClCompile Include="..\..\Build_MSVC\Qt\x64\Debug\Moc\moc_qtscriptworker.cpp">
      <Filter>Generated Files\Debug_x64</Filter>
    </ClCompile>
    <ClCompile Include="..\..\Build_MSVC\Qt\Win32\Release\Moc\moc_qtscriptworker.cpp">
      <Filter>Generated Files\Release_Win32</Filter>
    </ClCompile>
    <ClCompile Include="..\..\Build_MSVC\Qt\x64\Release\Moc\moc_qtscriptworker.cpp">
      <Filter>Generated Files\Release_x64</Filter>
    </ClCompile>
    <ClCompile Include="..\..\Build_MSVC\Qt\Win32\Debug\Moc\moc_qtscriptengineagent.cpp">
      <Filter>Generated Files\Debug_Win32</Filter>
    </ClCompile>
    <ClCompile Include="..\..\Build_MSVC\Qt\x64\Debug\Moc\moc_qtscriptengineagent.cpp">
      <Filter>Generated Files\Debug_x64</Filter>
    </ClCompile>
    <ClCompile Include="..\..\Build_MSVC\Qt\Win32\Release\Moc\moc_qtscriptengineagent.cpp">
      <Filter>Generated Files\Release_Win32</Filter>
    </ClCompile>
    <ClCompile Include="..\..\Build_MSVC\Qt\x64\Release\Moc\moc_qtscriptengineagent.cpp">
      <Filter>Generated Files\Release_x64</Filter>
    </ClCompile>
    <ClCompile Include="..\..\Build_MSVC\Qt\Win32\Debug\Moc\moc_qtscriptengine.cpp">
      <Filter>Generated Files\Debug_Win32</Filter>
    </ClCompile>
    <ClCompile Include="..\..\Build_MSVC\Qt\x64\Debug\Moc\moc_qtscriptengine.cpp">
      <Filter>Generated Files\Debug_x64</Filter>
    </ClCompile>
    <ClCompile Include="..\..\Build_MSVC\Qt\Win32\Release\Moc\moc_qtscriptengine.cpp">
      <Filter>Generated Files\Release_Win32</Filter>
    </ClCompile>
    <ClCompile Include="..\..\Build_MSVC\Qt\x64\Release\Moc\moc_qtscriptengine.cpp">
      <Filter>Generated Files\Release_x64</Filter>
    </ClCompile>
    <ClCompile Include="..\..\Build_MSVC\Qt\Win32\Debug\Moc\moc_OutputListDelegate.cpp">
      <Filter>Generated Files\Debug_Win32</Filter>
    </ClCompile>
    <ClCompile Include="..\..\Build_MSVC\Qt\x64\Debug\Moc\moc_OutputListDelegate.cpp">
      <Filter>Generated Files\Debug_x64</Filter>
    </ClCompile>
    <ClCompile Include="..\..\Build_MSVC\Qt\Win32\Release\Moc\moc_OutputListDelegate.cpp">
      <Filter>Generated Files\Release_Win32</Filter>
    </ClCompile>
    <ClCompile Include="..\..\Build_MSVC\Qt\x64\Release\Moc\moc_OutputListDelegate.cpp">
      <Filter>Generated Files\Release_x64</Filter>
    </ClCompile>
    <ClCompile Include="..\..\Build_MSVC\Qt\Win32\Debug\Moc\moc_optionpage.cpp">
      <Filter>Generated Files\Debug_Win32</Filter>
    </ClCompile>
    <ClCompile Include="..\..\Build_MSVC\Qt\x64\Debug\Moc\moc_optionpage.cpp">
      <Filter>Generated Files\Debug_x64</Filter>
    </ClCompile>
    <ClCompile Include="..\..\Build_MSVC\Qt\Win32\Release\Moc\moc_optionpage.cpp">
      <Filter>Generated Files\Release_Win32</Filter>
    </ClCompile>
    <ClCompile Include="..\..\Build_MSVC\Qt\x64\Release\Moc\moc_optionpage.cpp">
      <Filter>Generated Files\Release_x64</Filter>
    </ClCompile>
    <ClCompile Include="..\..\Build_MSVC\Qt\Win32\Debug\Moc\moc_NetworkServerThread.cpp">
      <Filter>Generated Files\Debug_Win32</Filter>
    </ClCompile>
    <ClCompile Include="..\..\Build_MSVC\Qt\x64\Debug\Moc\moc_NetworkServerThread.cpp">
      <Filter>Generated Files\Debug_x64</Filter>
    </ClCompile>
    <ClCompile Include="..\..\Build_MSVC\Qt\Win32\Release\Moc\moc_NetworkServerThread.cpp">
      <Filter>Generated Files\Release_Win32</Filter>
    </ClCompile>
    <ClCompile Include="..\..\Build_MSVC\Qt\x64\Release\Moc\moc_NetworkServerThread.cpp">
      <Filter>Generated Files\Release_x64</Filter>
    </ClCompile>
    <ClCompile Include="..\..\Build_MSVC\Qt\Win32\Debug\Moc\moc_NetworkServer.cpp">
      <Filter>Generated Files\Debug_Win32</Filter>
    </ClCompile>
    <ClCompile Include="..\..\Build_MSVC\Qt\x64\Debug\Moc\moc_NetworkServer.cpp">
      <Filter>Generated Files\Debug_x64</Filter>
    </ClCompile>
    <ClCompile Include="..\..\Build_MSVC\Qt\Win32\Release\Moc\moc_NetworkServer.cpp">
      <Filter>Generated Files\Release_Win32</Filter>
    </ClCompile>
    <ClCompile Include="..\..\Build_MSVC\Qt\x64\Release\Moc\moc_NetworkServer.cpp">
      <Filter>Generated Files\Release_x64</Filter>
    </ClCompile>
    <ClCompile Include="..\..\Build_MSVC\Qt\Win32\Debug\Moc\moc_mainwindow.cpp">
      <Filter>Generated Files\Debug_Win32</Filter>
    </ClCompile>
    <ClCompile Include="..\..\Build_MSVC\Qt\x64\Debug\Moc\moc_mainwindow.cpp">
      <Filter>Generated Files\Debug_x64</Filter>
    </ClCompile>
    <ClCompile Include="..\..\Build_MSVC\Qt\Win32\Release\Moc\moc_mainwindow.cpp">
      <Filter>Generated Files\Release_Win32</Filter>
    </ClCompile>
    <ClCompile Include="..\..\Build_MSVC\Qt\x64\Release\Moc\moc_mainwindow.cpp">
      <Filter>Generated Files\Release_x64</Filter>
    </ClCompile>
    <ClCompile Include="..\..\Build_MSVC\Qt\Win32\Debug\Moc\moc_mainappexchange.cpp">
      <Filter>Generated Files\Debug_Win32</Filter>
    </ClCompile>
    <ClCompile Include="..\..\Build_MSVC\Qt\x64\Debug\Moc\moc_mainappexchange.cpp">
      <Filter>Generated Files\Debug_x64</Filter>
    </ClCompile>
    <ClCompile Include="..\..\Build_MSVC\Qt\Win32\Release\Moc\moc_mainappexchange.cpp">
      <Filter>Generated Files\Release_Win32</Filter>
    </ClCompile>
    <ClCompile Include="..\..\Build_MSVC\Qt\x64\Release\Moc\moc_mainappexchange.cpp">
      <Filter>Generated Files\Release_x64</Filter>
    </ClCompile>
    <ClCompile Include="..\..\Build_MSVC\Qt\Win32\Debug\Moc\moc_GlobalApplicationInformation.cpp">
      <Filter>Generated Files\Debug_Win32</Filter>
    </ClCompile>
    <ClCompile Include="..\..\Build_MSVC\Qt\x64\Debug\Moc\moc_GlobalApplicationInformation.cpp">
      <Filter>Generated Files\Debug_x64</Filter>
    </ClCompile>
    <ClCompile Include="..\..\Build_MSVC\Qt\Win32\Release\Moc\moc_GlobalApplicationInformation.cpp">
      <Filter>Generated Files\Release_Win32</Filter>
    </ClCompile>
    <ClCompile Include="..\..\Build_MSVC\Qt\x64\Release\Moc\moc_GlobalApplicationInformation.cpp">
      <Filter>Generated Files\Release_x64</Filter>
    </ClCompile>
    <ClCompile Include="..\..\Build_MSVC\Qt\Win32\Debug\Moc\moc_documentwindow.cpp">
      <Filter>Generated Files\Debug_Win32</Filter>
    </ClCompile>
    <ClCompile Include="..\..\Build_MSVC\Qt\x64\Debug\Moc\moc_documentwindow.cpp">
      <Filter>Generated Files\Debug_x64</Filter>
    </ClCompile>
    <ClCompile Include="..\..\Build_MSVC\Qt\Win32\Release\Moc\moc_documentwindow.cpp">
      <Filter>Generated Files\Release_Win32</Filter>
    </ClCompile>
    <ClCompile Include="..\..\Build_MSVC\Qt\x64\Release\Moc\moc_documentwindow.cpp">
      <Filter>Generated Files\Release_x64</Filter>
    </ClCompile>
    <ClCompile Include="..\..\Build_MSVC\Qt\Win32\Debug\Moc\moc_documentmanager.cpp">
      <Filter>Generated Files\Debug_Win32</Filter>
    </ClCompile>
    <ClCompile Include="..\..\Build_MSVC\Qt\x64\Debug\Moc\moc_documentmanager.cpp">
      <Filter>Generated Files\Debug_x64</Filter>
    </ClCompile>
    <ClCompile Include="..\..\Build_MSVC\Qt\Win32\Release\Moc\moc_documentmanager.cpp">
      <Filter>Generated Files\Release_Win32</Filter>
    </ClCompile>
    <ClCompile Include="..\..\Build_MSVC\Qt\x64\Release\Moc\moc_documentmanager.cpp">
      <Filter>Generated Files\Release_x64</Filter>
    </ClCompile>
    <ClCompile Include="..\..\Build_MSVC\Qt\Win32\Debug\Moc\moc_customqsciscintilla.cpp">
      <Filter>Generated Files\Debug_Win32</Filter>
    </ClCompile>
    <ClCompile Include="..\..\Build_MSVC\Qt\x64\Debug\Moc\moc_customqsciscintilla.cpp">
      <Filter>Generated Files\Debug_x64</Filter>
    </ClCompile>
    <ClCompile Include="..\..\Build_MSVC\Qt\Win32\Release\Moc\moc_customqsciscintilla.cpp">
      <Filter>Generated Files\Release_Win32</Filter>
    </ClCompile>
    <ClCompile Include="..\..\Build_MSVC\Qt\x64\Release\Moc\moc_customqsciscintilla.cpp">
      <Filter>Generated Files\Release_x64</Filter>
    </ClCompile>
    <ClCompile Include="..\..\Build_MSVC\Qt\Win32\Debug\Moc\moc_aboutqtdialog.cpp">
      <Filter>Generated Files\Debug_Win32</Filter>
    </ClCompile>
    <ClCompile Include="..\..\Build_MSVC\Qt\x64\Debug\Moc\moc_aboutqtdialog.cpp">
      <Filter>Generated Files\Debug_x64</Filter>
    </ClCompile>
    <ClCompile Include="..\..\Build_MSVC\Qt\Win32\Release\Moc\moc_aboutqtdialog.cpp">
      <Filter>Generated Files\Release_Win32</Filter>
    </ClCompile>
    <ClCompile Include="..\..\Build_MSVC\Qt\x64\Release\Moc\moc_aboutqtdialog.cpp">
      <Filter>Generated Files\Release_x64</Filter>
    </ClCompile>
    <ClCompile Include="custommdisubwindow.cpp">
      <Filter>Source Files</Filter>
    </ClCompile>
    <ClCompile Include="..\..\Build_MSVC\Qt\Win32\Debug\Moc\moc_custommdisubwindow.cpp">
      <Filter>Generated Files\Debug_Win32</Filter>
    </ClCompile>
    <ClCompile Include="..\..\Build_MSVC\Qt\x64\Debug\Moc\moc_custommdisubwindow.cpp">
      <Filter>Generated Files\Debug_x64</Filter>
    </ClCompile>
    <ClCompile Include="..\..\Build_MSVC\Qt\Win32\Release\Moc\moc_custommdisubwindow.cpp">
      <Filter>Generated Files\Release_Win32</Filter>
    </ClCompile>
    <ClCompile Include="..\..\Build_MSVC\Qt\x64\Release\Moc\moc_custommdisubwindow.cpp">
      <Filter>Generated Files\Release_x64</Filter>
    </ClCompile>
    <ClCompile Include="..\..\Build_MSVC\Qt\Win32\Debug\Moc\moc_mainappinfo.cpp">
      <Filter>Generated Files\Debug_Win32</Filter>
    </ClCompile>
    <ClCompile Include="..\..\Build_MSVC\Qt\x64\Debug\Moc\moc_mainappinfo.cpp">
      <Filter>Generated Files\Debug_x64</Filter>
    </ClCompile>
    <ClCompile Include="..\..\Build_MSVC\Qt\Win32\Release\Moc\moc_mainappinfo.cpp">
      <Filter>Generated Files\Release_Win32</Filter>
    </ClCompile>
    <ClCompile Include="..\..\Build_MSVC\Qt\x64\Release\Moc\moc_mainappinfo.cpp">
      <Filter>Generated Files\Release_x64</Filter>
    </ClCompile>
    <ClCompile Include="logindialog.cpp">
      <Filter>Source Files</Filter>
    </ClCompile>
    <ClCompile Include="..\..\Build_MSVC\Qt\Win32\Debug\Moc\moc_logindialog.cpp">
      <Filter>Generated Files\Debug_Win32</Filter>
    </ClCompile>
    <ClCompile Include="..\..\Build_MSVC\Qt\x64\Debug\Moc\moc_logindialog.cpp">
      <Filter>Generated Files\Debug_x64</Filter>
    </ClCompile>
    <ClCompile Include="..\..\Build_MSVC\Qt\Win32\Release\Moc\moc_logindialog.cpp">
      <Filter>Generated Files\Release_Win32</Filter>
    </ClCompile>
    <ClCompile Include="..\..\Build_MSVC\Qt\x64\Release\Moc\moc_logindialog.cpp">
      <Filter>Generated Files\Release_x64</Filter>
    </ClCompile>
    <ClCompile Include="..\..\Build_MSVC\Qt\Win32\Debug\Moc\moc_propertysettingextensions.cpp">
      <Filter>Generated Files\Debug_Win32</Filter>
    </ClCompile>
    <ClCompile Include="..\..\Build_MSVC\Qt\x64\Debug\Moc\moc_propertysettingextensions.cpp">
      <Filter>Generated Files\Debug_x64</Filter>
    </ClCompile>
    <ClCompile Include="..\..\Build_MSVC\Qt\Win32\Release\Moc\moc_propertysettingextensions.cpp">
      <Filter>Generated Files\Release_Win32</Filter>
    </ClCompile>
    <ClCompile Include="..\..\Build_MSVC\Qt\x64\Release\Moc\moc_propertysettingextensions.cpp">
      <Filter>Generated Files\Release_x64</Filter>
    </ClCompile>
    <ClCompile Include="..\..\Build_MSVC\Qt\Win32\Debug\Moc\moc_propertysettingswidget.cpp">
      <Filter>Generated Files\Debug_Win32</Filter>
    </ClCompile>
    <ClCompile Include="..\..\Build_MSVC\Qt\x64\Debug\Moc\moc_propertysettingswidget.cpp">
      <Filter>Generated Files\Debug_x64</Filter>
    </ClCompile>
    <ClCompile Include="..\..\Build_MSVC\Qt\Win32\Release\Moc\moc_propertysettingswidget.cpp">
      <Filter>Generated Files\Release_Win32</Filter>
    </ClCompile>
    <ClCompile Include="..\..\Build_MSVC\Qt\x64\Release\Moc\moc_propertysettingswidget.cpp">
      <Filter>Generated Files\Release_x64</Filter>
    </ClCompile>
    <ClCompile Include="..\..\Build_MSVC\Qt\Win32\Debug\Moc\moc_propertysettingswidgetcontainer.cpp">
      <Filter>Generated Files\Debug_Win32</Filter>
    </ClCompile>
    <ClCompile Include="..\..\Build_MSVC\Qt\x64\Debug\Moc\moc_propertysettingswidgetcontainer.cpp">
      <Filter>Generated Files\Debug_x64</Filter>
    </ClCompile>
    <ClCompile Include="..\..\Build_MSVC\Qt\Win32\Release\Moc\moc_propertysettingswidgetcontainer.cpp">
      <Filter>Generated Files\Release_Win32</Filter>
    </ClCompile>
    <ClCompile Include="..\..\Build_MSVC\Qt\x64\Release\Moc\moc_propertysettingswidgetcontainer.cpp">
      <Filter>Generated Files\Release_x64</Filter>
    </ClCompile>
    <ClCompile Include="propertysettingdefinition.cpp">
      <Filter>Source Files</Filter>
    </ClCompile>
    <ClCompile Include="propertysettingextensions.cpp">
      <Filter>Source Files</Filter>
    </ClCompile>
    <ClCompile Include="propertysettingswidget.cpp">
      <Filter>Source Files</Filter>
    </ClCompile>
    <ClCompile Include="propertysettingswidgetcontainer.cpp">
      <Filter>Source Files</Filter>
    </ClCompile>
    <ClCompile Include="archiver.cpp">
      <Filter>Source Files</Filter>
    </ClCompile>
    <ClCompile Include="..\..\Build_MSVC\Qt\Win32\Debug\Moc\moc_archiver.cpp">
      <Filter>Generated Files\Debug_Win32</Filter>
    </ClCompile>
    <ClCompile Include="..\..\Build_MSVC\Qt\x64\Debug\Moc\moc_archiver.cpp">
      <Filter>Generated Files\Debug_x64</Filter>
    </ClCompile>
    <ClCompile Include="..\..\Build_MSVC\Qt\Win32\Release\Moc\moc_archiver.cpp">
      <Filter>Generated Files\Release_Win32</Filter>
    </ClCompile>
    <ClCompile Include="..\..\Build_MSVC\Qt\x64\Release\Moc\moc_archiver.cpp">
      <Filter>Generated Files\Release_x64</Filter>
    </ClCompile>
    <ClCompile Include="installationmanager.cpp">
      <Filter>Source Files</Filter>
    </ClCompile>
    <ClCompile Include="..\..\Build_MSVC\Qt\Win32\Debug\Moc\moc_installationmanager.cpp">
      <Filter>Generated Files\Debug_Win32</Filter>
    </ClCompile>
    <ClCompile Include="..\..\Build_MSVC\Qt\x64\Debug\Moc\moc_installationmanager.cpp">
      <Filter>Generated Files\Debug_x64</Filter>
    </ClCompile>
    <ClCompile Include="..\..\Build_MSVC\Qt\Win32\Release\Moc\moc_installationmanager.cpp">
      <Filter>Generated Files\Release_Win32</Filter>
    </ClCompile>
    <ClCompile Include="..\..\Build_MSVC\Qt\x64\Release\Moc\moc_installationmanager.cpp">
      <Filter>Generated Files\Release_x64</Filter>
    </ClCompile>
    <ClCompile Include="pluginmanagerdialog.cpp">
      <Filter>Source Files</Filter>
    </ClCompile>
    <ClCompile Include="..\..\Build_MSVC\Qt\Win32\Debug\Moc\moc_pluginmanagerdialog.cpp">
      <Filter>Generated Files\Debug_Win32</Filter>
    </ClCompile>
    <ClCompile Include="..\..\Build_MSVC\Qt\x64\Debug\Moc\moc_pluginmanagerdialog.cpp">
      <Filter>Generated Files\Debug_x64</Filter>
    </ClCompile>
    <ClCompile Include="..\..\Build_MSVC\Qt\Win32\Release\Moc\moc_pluginmanagerdialog.cpp">
      <Filter>Generated Files\Release_Win32</Filter>
    </ClCompile>
    <ClCompile Include="..\..\Build_MSVC\Qt\x64\Release\Moc\moc_pluginmanagerdialog.cpp">
      <Filter>Generated Files\Release_x64</Filter>
    </ClCompile>
    <ClCompile Include="customquestiondialog.cpp">
      <Filter>Source Files</Filter>
    </ClCompile>
    <ClCompile Include="..\..\Build_MSVC\Qt\Win32\Debug\Moc\moc_customquestiondialog.cpp">
      <Filter>Generated Files\Debug_Win32</Filter>
    </ClCompile>
    <ClCompile Include="..\..\Build_MSVC\Qt\x64\Debug\Moc\moc_customquestiondialog.cpp">
      <Filter>Generated Files\Debug_x64</Filter>
    </ClCompile>
    <ClCompile Include="..\..\Build_MSVC\Qt\Win32\Release\Moc\moc_customquestiondialog.cpp">
      <Filter>Generated Files\Release_Win32</Filter>
    </ClCompile>
    <ClCompile Include="..\..\Build_MSVC\Qt\x64\Release\Moc\moc_customquestiondialog.cpp">
      <Filter>Generated Files\Release_x64</Filter>
    </ClCompile>
    <ClCompile Include="helphandler.cpp">
      <Filter>Source Files</Filter>
    </ClCompile>
    <ClCompile Include="..\..\Build_MSVC\Qt\Win32\Debug\Moc\moc_helphandler.cpp">
      <Filter>Generated Files\Debug_Win32</Filter>
    </ClCompile>
    <ClCompile Include="..\..\Build_MSVC\Qt\x64\Debug\Moc\moc_helphandler.cpp">
      <Filter>Generated Files\Debug_x64</Filter>
    </ClCompile>
    <ClCompile Include="..\..\Build_MSVC\Qt\Win32\Release\Moc\moc_helphandler.cpp">
      <Filter>Generated Files\Release_Win32</Filter>
    </ClCompile>
    <ClCompile Include="..\..\Build_MSVC\Qt\x64\Release\Moc\moc_helphandler.cpp">
      <Filter>Generated Files\Release_x64</Filter>
    </ClCompile>
  </ItemGroup>
  <ItemGroup>
    <ClInclude Include="resource.h">
      <Filter>Header Files</Filter>
    </ClInclude>
    <ClInclude Include="maindefines.h">
      <Filter>Header Files</Filter>
    </ClInclude>
    <ClInclude Include="assistant.h">
      <Filter>Header Files</Filter>
    </ClInclude>
    <ClInclude Include="..\..\Build_MSVC\Qt\$(PlatformName)\$(ConfigurationName)\GeneratedFiles\ui_optionpage.h">
      <Filter>Generated Files</Filter>
    </ClInclude>
    <ClInclude Include="..\..\Build_MSVC\Qt\$(PlatformName)\$(ConfigurationName)\GeneratedFiles\ui_scifinddialog.h">
      <Filter>Generated Files</Filter>
    </ClInclude>
    <ClInclude Include="brainstim.h">
      <Filter>Header Files</Filter>
    </ClInclude>
    <ClInclude Include="propertysetting.h">
      <Filter>Header Files</Filter>
    </ClInclude>
    <ClInclude Include="propertysettingdefinition.h">
      <Filter>Header Files</Filter>
    </ClInclude>
    <ClInclude Include="..\..\Build_MSVC\Qt\$(PlatformName)\$(ConfigurationName)\GeneratedFiles\ui_propertysettingswidget.h">
      <Filter>Generated Files</Filter>
    </ClInclude>
    <ClInclude Include="..\..\Build_MSVC\Qt\$(PlatformName)\$(ConfigurationName)\GeneratedFiles\ui_pluginmanagerdialog.h">
      <Filter>Generated Files</Filter>
    </ClInclude>
  </ItemGroup>
  <ItemGroup>
    <CustomBuildStep Include="Resources\comment.png">
      <Filter>Resource Files</Filter>
    </CustomBuildStep>
    <CustomBuildStep Include="Resources\config.png">
      <Filter>Resource Files</Filter>
    </CustomBuildStep>
    <CustomBuildStep Include="Resources\copy.png">
      <Filter>Resource Files</Filter>
    </CustomBuildStep>
    <CustomBuildStep Include="Resources\cut.png">
      <Filter>Resource Files</Filter>
    </CustomBuildStep>
    <CustomBuildStep Include="Resources\new.png">
      <Filter>Resource Files</Filter>
    </CustomBuildStep>
    <CustomBuildStep Include="Resources\open.png">
      <Filter>Resource Files</Filter>
    </CustomBuildStep>
    <CustomBuildStep Include="Resources\paste.png">
      <Filter>Resource Files</Filter>
    </CustomBuildStep>
    <CustomBuildStep Include="resources\print.png">
      <Filter>Resource Files</Filter>
    </CustomBuildStep>
    <CustomBuildStep Include="Resources\query.png">
      <Filter>Resource Files</Filter>
    </CustomBuildStep>
    <CustomBuildStep Include="Resources\runscript.png">
      <Filter>Resource Files</Filter>
    </CustomBuildStep>
    <CustomBuildStep Include="Resources\save.png">
      <Filter>Resource Files</Filter>
    </CustomBuildStep>
    <CustomBuildStep Include="Resources\splash.png">
      <Filter>Resource Files</Filter>
    </CustomBuildStep>
    <CustomBuildStep Include="Resources\uncomment.png">
      <Filter>Resource Files</Filter>
    </CustomBuildStep>
    <CustomBuildStep Include="Resources\update.png">
      <Filter>Resource Files</Filter>
    </CustomBuildStep>
  </ItemGroup>
  <ItemGroup>
    <CustomBuild Include="aboutqtdialog.h">
      <Filter>Header Files</Filter>
    </CustomBuild>
    <CustomBuild Include="customqsciscintilla.h">
      <Filter>Header Files</Filter>
    </CustomBuild>
    <CustomBuild Include="documentmanager.h">
      <Filter>Header Files</Filter>
    </CustomBuild>
    <CustomBuild Include="mainappinfo.h">
      <Filter>Header Files</Filter>
    </CustomBuild>
    <CustomBuild Include="mainwindow.h">
      <Filter>Header Files</Filter>
    </CustomBuild>
    <CustomBuild Include="optionpage.h">
      <Filter>Header Files</Filter>
    </CustomBuild>
    <CustomBuild Include="plugininterface.h">
      <Filter>Header Files</Filter>
    </CustomBuild>
    <CustomBuild Include="qtscriptengine.h">
      <Filter>Header Files</Filter>
    </CustomBuild>
    <CustomBuild Include="qtscriptengineagent.h">
      <Filter>Header Files</Filter>
    </CustomBuild>
    <CustomBuild Include="qtscriptworker.h">
      <Filter>Header Files</Filter>
    </CustomBuild>
    <CustomBuild Include="scifinddialog.h">
      <Filter>Header Files</Filter>
    </CustomBuild>
    <CustomBuild Include="sleepthread.h">
      <Filter>Header Files</Filter>
    </CustomBuild>
    <CustomBuild Include="svgview.h">
      <Filter>Header Files</Filter>
    </CustomBuild>
    <CustomBuild Include="brainstim.qrc">
      <Filter>Resource Files</Filter>
    </CustomBuild>
    <CustomBuild Include="optionpage.ui">
      <Filter>Form Files</Filter>
    </CustomBuild>
    <CustomBuild Include="scifinddialog.ui">
      <Filter>Form Files</Filter>
    </CustomBuild>
    <CustomBuild Include="outputlistdelegate.h">
      <Filter>Header Files</Filter>
    </CustomBuild>
    <CustomBuild Include="globalapplicationinformation.h">
      <Filter>Header Files</Filter>
    </CustomBuild>
    <CustomBuild Include="documentwindow.h">
      <Filter>Header Files</Filter>
    </CustomBuild>
    <CustomBuild Include="mainappexchange.h">
      <Filter>Header Files</Filter>
    </CustomBuild>
    <CustomBuild Include="networkserver.h">
      <Filter>Header Files</Filter>
    </CustomBuild>
    <CustomBuild Include="networkserverthread.h">
      <Filter>Header Files</Filter>
    </CustomBuild>
    <CustomBuild Include="custommdisubwindow.h">
      <Filter>Header Files</Filter>
    </CustomBuild>
    <CustomBuild Include="logindialog.h">
      <Filter>Header Files</Filter>
    </CustomBuild>
    <CustomBuild Include="propertysettingextensions.h">
      <Filter>Header Files</Filter>
    </CustomBuild>
    <CustomBuild Include="propertysettingswidget.h">
      <Filter>Header Files</Filter>
    </CustomBuild>
    <CustomBuild Include="propertysettingswidgetcontainer.h">
      <Filter>Header Files</Filter>
    </CustomBuild>
    <CustomBuild Include="propertysettingswidget.ui">
      <Filter>Form Files</Filter>
    </CustomBuild>
    <CustomBuild Include="archiver.h">
      <Filter>Header Files</Filter>
    </CustomBuild>
    <CustomBuild Include="installationmanager.h">
      <Filter>Header Files</Filter>
    </CustomBuild>
    <CustomBuild Include="pluginmanagerdialog.h">
      <Filter>Header Files</Filter>
    </CustomBuild>
    <CustomBuild Include="pluginmanagerdialog.ui">
      <Filter>Form Files</Filter>
    </CustomBuild>
    <CustomBuild Include="customquestiondialog.h">
      <Filter>Header Files</Filter>
    </CustomBuild>
    <CustomBuild Include="..\..\Build_MSVC\Qt\x64\Debug\Moc\mainwindow.moc">
      <Filter>Generated Files\Debug_Win32</Filter>
    </CustomBuild>
    <CustomBuild Include="helphandler.h">
      <Filter>Header Files</Filter>
    </CustomBuild>
  </ItemGroup>
  <ItemGroup>
    <ResourceCompile Include="brainstim.rc" />
  </ItemGroup>
  <ItemGroup>
    <None Include="licenseheader.licenseheader" />
    <None Include="resources\brainstim.js">
      <Filter>Resource Files</Filter>
    </None>
    <None Include="resources\versioning.html">
      <Filter>Resource Files</Filter>
    </None>
    <None Include="E:\Projects\BrainStim\Source\BrainStim\resources\desktop.ini">
      <Filter>Resource Files</Filter>
    </None>
    <None Include="E:\Projects\BrainStim\Source\BrainStim\resources\qscintilla.ini">
      <Filter>Resource Files</Filter>
    </None>
    <None Include="resources\customMenuEntries.ini">
      <Filter>Resource Files</Filter>
    </None>
  </ItemGroup>
  <ItemGroup>
    <Image Include="E:\Projects\BrainStim\Source\BrainStim\resources\delete.png">
      <Filter>Resource Files</Filter>
    </Image>
    <Image Include="E:\Projects\BrainStim\Source\BrainStim\resources\down.png">
      <Filter>Resource Files</Filter>
    </Image>
    <Image Include="E:\Projects\BrainStim\Source\BrainStim\resources\up.png">
      <Filter>Resource Files</Filter>
    </Image>
    <Image Include="E:\Projects\BrainStim\Source\BrainStim\resources\browse.png">
      <Filter>Resource Files</Filter>
    </Image>
  </ItemGroup>
</Project>