<?xml version="1.0" encoding="utf-8"?>
<Project ToolsVersion="4.0" xmlns="http://schemas.microsoft.com/developer/msbuild/2003">
  <ItemGroup>
    <Filter Include="Source Files">
      <UniqueIdentifier>{4FC737F1-C7A5-4376-A066-2A32D752A2FF}</UniqueIdentifier>
      <Extensions>cpp;c;cxx;def;odl;idl;hpj;bat;asm;asmx</Extensions>
    </Filter>
    <Filter Include="Header Files">
      <UniqueIdentifier>{93995380-89BD-4b04-88EB-625FBE52EBFB}</UniqueIdentifier>
      <Extensions>h;hpp;hxx;hm;inl;inc;xsd</Extensions>
    </Filter>
    <Filter Include="Generated Files">
      <UniqueIdentifier>{71ED8ED8-ACB9-4CE9-BBE1-E00B30144E11}</UniqueIdentifier>
      <Extensions>cpp;c;cxx;moc;h;def;odl;idl;res;</Extensions>
    </Filter>
    <Filter Include="Generated Files\Debug_Win32">
      <UniqueIdentifier>{b77f3b1d-ced5-4904-ad3a-68d35860bd9d}</UniqueIdentifier>
      <Extensions>cpp;moc</Extensions>
      <SourceControlFiles>False</SourceControlFiles>
    </Filter>
    <Filter Include="Generated Files\Debug_x64">
      <UniqueIdentifier>{f1ce071a-6f03-4e0e-8f3b-958cf4433439}</UniqueIdentifier>
      <Extensions>cpp;moc</Extensions>
      <SourceControlFiles>False</SourceControlFiles>
    </Filter>
    <Filter Include="Generated Files\Release_Win32">
      <UniqueIdentifier>{6e18ee23-2610-435d-91d8-16e21d4fc84b}</UniqueIdentifier>
      <Extensions>cpp;moc</Extensions>
      <SourceControlFiles>False</SourceControlFiles>
    </Filter>
    <Filter Include="Generated Files\Release_x64">
      <UniqueIdentifier>{568febdd-f428-47f8-af4b-23c691f2a27a}</UniqueIdentifier>
      <Extensions>cpp;moc</Extensions>
      <SourceControlFiles>False</SourceControlFiles>
    </Filter>
    <Filter Include="Form Files">
      <UniqueIdentifier>{99349809-55BA-4b9d-BF79-8FDBB0286EB3}</UniqueIdentifier>
      <Extensions>ui</Extensions>
      <ParseFiles>false</ParseFiles>
    </Filter>
    <Filter Include="Resource Files">
      <UniqueIdentifier>{D9D6E242-F8AF-46E4-B9FD-80ECBC20BA3E}</UniqueIdentifier>
      <Extensions>qrc;*</Extensions>
      <ParseFiles>false</ParseFiles>
    </Filter>
    <Filter Include="Images">
      <UniqueIdentifier>{499de04b-8cab-4b1f-8403-734cd2f068f4}</UniqueIdentifier>
      <Extensions>png</Extensions>
    </Filter>
    <Filter Include="Header Files\ExperimentUserInterface">
      <UniqueIdentifier>{d0c6cafd-4d0c-42f7-93d8-0e39f5d7c8ca}</UniqueIdentifier>
    </Filter>
    <Filter Include="Source Files\ExperimentUserInterface">
      <UniqueIdentifier>{11be3109-3719-41df-a32a-a0103441ba5f}</UniqueIdentifier>
    </Filter>
  </ItemGroup>
  <ItemGroup>
    <ClCompile Include="experimentlogger.cpp">
      <Filter>Source Files</Filter>
    </ClCompile>
    <ClCompile Include="ExperimentManager.cpp">
      <Filter>Source Files</Filter>
    </ClCompile>
    <ClCompile Include="ExperimentManager_dialog.cpp">
      <Filter>Source Files</Filter>
    </ClCompile>
    <ClCompile Include="ExperimentManagerplugin.cpp">
      <Filter>Source Files</Filter>
    </ClCompile>
    <ClCompile Include="ExperimentTimer.cpp">
      <Filter>Source Files</Filter>
    </ClCompile>
    <ClCompile Include="ImageProcessor.cpp">
      <Filter>Source Files</Filter>
    </ClCompile>
    <ClCompile Include="RandomGenerator.cpp">
      <Filter>Source Files</Filter>
    </ClCompile>
    <ClCompile Include="StdAfx.cpp">
      <Filter>Source Files</Filter>
    </ClCompile>
    <ClCompile Include="prtformatmanager.cpp">
      <Filter>Source Files</Filter>
    </ClCompile>
    <ClCompile Include="ModelIndexProvider.cpp">
      <Filter>Source Files</Filter>
    </ClCompile>
    <ClCompile Include="ImageListModel.cpp">
      <Filter>Source Files</Filter>
    </ClCompile>
    <ClCompile Include="QmlErrorHandler.cpp">
      <Filter>Source Files</Filter>
    </ClCompile>
    <ClCompile Include="XmlMessageHandler.cpp">
      <Filter>Source Files</Filter>
    </ClCompile>
    <ClCompile Include="TriggerTimer.cpp">
      <Filter>Source Files</Filter>
    </ClCompile>
    <ClCompile Include="CurrentTime.cpp">
      <Filter>Source Files</Filter>
    </ClCompile>
    <ClCompile Include="ExperimentStructures.cpp">
      <Filter>Source Files</Filter>
    </ClCompile>
    <ClCompile Include="QML2Viewer.cpp">
      <Filter>Source Files</Filter>
    </ClCompile>
    <ClCompile Include="qtquick2applicationviewer.cpp">
      <Filter>Source Files</Filter>
    </ClCompile>
    <ClCompile Include="ExperimentEngine.cpp">
      <Filter>Source Files</Filter>
    </ClCompile>
    <ClCompile Include="..\..\..\Build_MSVC\Qt\$(PlatformName)\$(ConfigurationName)\GeneratedFiles\qrc_ExperimentManager.cpp">
      <Filter>Generated Files</Filter>
    </ClCompile>
    <ClCompile Include="OpenGLWindow.cpp">
      <Filter>Source Files</Filter>
    </ClCompile>
    <ClCompile Include="RetinotopyMapper.cpp">
      <Filter>Source Files</Filter>
    </ClCompile>
    <ClCompile Include="RetinotopyMapperWindow.cpp">
      <Filter>Source Files</Filter>
    </ClCompile>
    <ClCompile Include="QML2ModelIndexProvider.cpp">
      <Filter>Source Files</Filter>
    </ClCompile>
    <ClCompile Include="Qml2Interface.cpp">
      <Filter>Source Files</Filter>
    </ClCompile>
    <ClCompile Include="FastThreadedTriggerTimer.cpp">
      <Filter>Source Files</Filter>
    </ClCompile>
    <ClCompile Include="ExperimentUserInterface\AttributeWidget.cpp">
      <Filter>Source Files\ExperimentUserInterface</Filter>
    </ClCompile>
    <ClCompile Include="ExperimentUserInterface\ExperimentGraphicEditor.cpp">
      <Filter>Source Files\ExperimentUserInterface</Filter>
    </ClCompile>
    <ClCompile Include="ExperimentUserInterface\ExperimentParameterVisualizer.cpp">
      <Filter>Source Files\ExperimentUserInterface</Filter>
    </ClCompile>
    <ClCompile Include="ExperimentUserInterface\ExperimentStructureVisualizer.cpp">
      <Filter>Source Files\ExperimentUserInterface</Filter>
    </ClCompile>
    <ClCompile Include="ExperimentUserInterface\ExperimentTreeFilterProxyModel.cpp">
      <Filter>Source Files\ExperimentUserInterface</Filter>
    </ClCompile>
    <ClCompile Include="ExperimentUserInterface\ExperimentTreeItem.cpp">
      <Filter>Source Files\ExperimentUserInterface</Filter>
    </ClCompile>
    <ClCompile Include="ExperimentUserInterface\ExperimentTreeModel.cpp">
      <Filter>Source Files\ExperimentUserInterface</Filter>
    </ClCompile>
    <ClCompile Include="ExperimentUserInterface\FindDialog.cpp">
      <Filter>Source Files\ExperimentUserInterface</Filter>
    </ClCompile>
    <ClCompile Include="ExperimentUserInterface\QGraphicsViewEc.cpp">
      <Filter>Source Files\ExperimentUserInterface</Filter>
    </ClCompile>
    <ClCompile Include="ExperimentParameterDefinition.cpp">
      <Filter>Source Files</Filter>
    </ClCompile>
    <ClCompile Include="ExperimentUserInterface\ParameterPropertyExtensions.cpp">
      <Filter>Source Files\ExperimentUserInterface</Filter>
    </ClCompile>
    <ClCompile Include="ExperimentUserInterface\ExperimentParameterWidgets.cpp">
      <Filter>Source Files\ExperimentUserInterface</Filter>
    </ClCompile>
    <ClCompile Include="ExperimentUserInterface\ExperimentBlockParameterView.cpp">
      <Filter>Source Files\ExperimentUserInterface</Filter>
    </ClCompile>
    <ClCompile Include="ExperimentUserInterface\ObjectParameterDialog.cpp">
      <Filter>Source Files\ExperimentUserInterface</Filter>
    </ClCompile>
    <ClCompile Include="ExperimentUserInterface\ExperimentGraphBlockItem.cpp">
      <Filter>Source Files\ExperimentUserInterface</Filter>
    </ClCompile>
    <ClCompile Include="ExperimentUserInterface\ExperimentStructureScene.cpp">
      <Filter>Source Files\ExperimentUserInterface</Filter>
    </ClCompile>
    <ClCompile Include="E:\Projects\BrainStim\Source\Plugins\ExperimentManager\ExperimentUserInterface\CustomDockWidget.cpp">
      <Filter>Source Files\ExperimentUserInterface</Filter>
    </ClCompile>
    <ClCompile Include="E:\Projects\BrainStim\Source\Plugins\ExperimentManager\ExperimentUserInterface\BlockLoopsDialog.cpp">
      <Filter>Source Files\ExperimentUserInterface</Filter>
    </ClCompile>
    <ClCompile Include="ExperimentUserInterface\ExperimentGraphObjectItem.cpp">
      <Filter>Source Files\ExperimentUserInterface</Filter>
    </ClCompile>
    <ClCompile Include="ExperimentUserInterface\ExperimentGraphLoopItem.cpp">
      <Filter>Source Files\ExperimentUserInterface</Filter>
    </ClCompile>
    <ClCompile Include="E:\Projects\BrainStim\Source\Plugins\ExperimentManager\ExperimentUserInterface\ExperimentGraphMethodConnectionItem.cpp">
      <Filter>Source Files\ExperimentUserInterface</Filter>
    </ClCompile>
    <ClCompile Include="E:\Projects\BrainStim\Source\Plugins\ExperimentManager\ExperimentUserInterface\ExperimentObjectsDialog.cpp">
      <Filter>Source Files\ExperimentUserInterface</Filter>
    </ClCompile>
    <ClCompile Include="ExperimentUserInterface\ObjectConnectionsDialog.cpp">
      <Filter>Source Files\ExperimentUserInterface</Filter>
    </ClCompile>
    <ClCompile Include="..\..\..\Build_MSVC\Qt\Win32\Debug\Moc\moc_TriggerTimer.cpp">
      <Filter>Generated Files\Debug_Win32</Filter>
    </ClCompile>
    <ClCompile Include="..\..\..\Build_MSVC\Qt\x64\Debug\Moc\moc_TriggerTimer.cpp">
      <Filter>Generated Files\Debug_x64</Filter>
    </ClCompile>
    <ClCompile Include="..\..\..\Build_MSVC\Qt\Win32\Release\Moc\moc_TriggerTimer.cpp">
      <Filter>Generated Files\Release_Win32</Filter>
    </ClCompile>
    <ClCompile Include="..\..\..\Build_MSVC\Qt\x64\Release\Moc\moc_TriggerTimer.cpp">
      <Filter>Generated Files\Release_x64</Filter>
    </ClCompile>
    <ClCompile Include="..\..\..\Build_MSVC\Qt\Win32\Debug\Moc\moc_RetinotopyMapper.cpp">
      <Filter>Generated Files\Debug_Win32</Filter>
    </ClCompile>
    <ClCompile Include="..\..\..\Build_MSVC\Qt\x64\Debug\Moc\moc_RetinotopyMapper.cpp">
      <Filter>Generated Files\Debug_x64</Filter>
    </ClCompile>
    <ClCompile Include="..\..\..\Build_MSVC\Qt\Win32\Release\Moc\moc_RetinotopyMapper.cpp">
      <Filter>Generated Files\Release_Win32</Filter>
    </ClCompile>
    <ClCompile Include="..\..\..\Build_MSVC\Qt\x64\Release\Moc\moc_RetinotopyMapper.cpp">
      <Filter>Generated Files\Release_x64</Filter>
    </ClCompile>
    <ClCompile Include="..\..\..\Build_MSVC\Qt\Win32\Debug\Moc\moc_RandomGenerator.cpp">
      <Filter>Generated Files\Debug_Win32</Filter>
    </ClCompile>
    <ClCompile Include="..\..\..\Build_MSVC\Qt\x64\Debug\Moc\moc_RandomGenerator.cpp">
      <Filter>Generated Files\Debug_x64</Filter>
    </ClCompile>
    <ClCompile Include="..\..\..\Build_MSVC\Qt\Win32\Release\Moc\moc_RandomGenerator.cpp">
      <Filter>Generated Files\Release_Win32</Filter>
    </ClCompile>
    <ClCompile Include="..\..\..\Build_MSVC\Qt\x64\Release\Moc\moc_RandomGenerator.cpp">
      <Filter>Generated Files\Release_x64</Filter>
    </ClCompile>
    <ClCompile Include="..\..\..\Build_MSVC\Qt\Win32\Debug\Moc\moc_QmlErrorHandler.cpp">
      <Filter>Generated Files\Debug_Win32</Filter>
    </ClCompile>
    <ClCompile Include="..\..\..\Build_MSVC\Qt\x64\Debug\Moc\moc_QmlErrorHandler.cpp">
      <Filter>Generated Files\Debug_x64</Filter>
    </ClCompile>
    <ClCompile Include="..\..\..\Build_MSVC\Qt\Win32\Release\Moc\moc_QmlErrorHandler.cpp">
      <Filter>Generated Files\Release_Win32</Filter>
    </ClCompile>
    <ClCompile Include="..\..\..\Build_MSVC\Qt\x64\Release\Moc\moc_QmlErrorHandler.cpp">
      <Filter>Generated Files\Release_x64</Filter>
    </ClCompile>
    <ClCompile Include="..\..\..\Build_MSVC\Qt\Win32\Debug\Moc\moc_QML2ModelIndexProvider.cpp">
      <Filter>Generated Files\Debug_Win32</Filter>
    </ClCompile>
    <ClCompile Include="..\..\..\Build_MSVC\Qt\x64\Debug\Moc\moc_QML2ModelIndexProvider.cpp">
      <Filter>Generated Files\Debug_x64</Filter>
    </ClCompile>
    <ClCompile Include="..\..\..\Build_MSVC\Qt\Win32\Release\Moc\moc_QML2ModelIndexProvider.cpp">
      <Filter>Generated Files\Release_Win32</Filter>
    </ClCompile>
    <ClCompile Include="..\..\..\Build_MSVC\Qt\x64\Release\Moc\moc_QML2ModelIndexProvider.cpp">
      <Filter>Generated Files\Release_x64</Filter>
    </ClCompile>
    <ClCompile Include="..\..\..\Build_MSVC\Qt\Win32\Debug\Moc\moc_Qml2Interface.cpp">
      <Filter>Generated Files\Debug_Win32</Filter>
    </ClCompile>
    <ClCompile Include="..\..\..\Build_MSVC\Qt\x64\Debug\Moc\moc_Qml2Interface.cpp">
      <Filter>Generated Files\Debug_x64</Filter>
    </ClCompile>
    <ClCompile Include="..\..\..\Build_MSVC\Qt\Win32\Release\Moc\moc_Qml2Interface.cpp">
      <Filter>Generated Files\Release_Win32</Filter>
    </ClCompile>
    <ClCompile Include="..\..\..\Build_MSVC\Qt\x64\Release\Moc\moc_Qml2Interface.cpp">
      <Filter>Generated Files\Release_x64</Filter>
    </ClCompile>
    <ClCompile Include="..\..\..\Build_MSVC\Qt\Win32\Debug\Moc\moc_QGraphicsViewEc.cpp">
      <Filter>Generated Files\Debug_Win32</Filter>
    </ClCompile>
    <ClCompile Include="..\..\..\Build_MSVC\Qt\x64\Debug\Moc\moc_QGraphicsViewEc.cpp">
      <Filter>Generated Files\Debug_x64</Filter>
    </ClCompile>
    <ClCompile Include="..\..\..\Build_MSVC\Qt\Win32\Release\Moc\moc_QGraphicsViewEc.cpp">
      <Filter>Generated Files\Release_Win32</Filter>
    </ClCompile>
    <ClCompile Include="..\..\..\Build_MSVC\Qt\x64\Release\Moc\moc_QGraphicsViewEc.cpp">
      <Filter>Generated Files\Release_x64</Filter>
    </ClCompile>
    <ClCompile Include="..\..\..\Build_MSVC\Qt\Win32\Debug\Moc\moc_prtformatmanager.cpp">
      <Filter>Generated Files\Debug_Win32</Filter>
    </ClCompile>
    <ClCompile Include="..\..\..\Build_MSVC\Qt\x64\Debug\Moc\moc_prtformatmanager.cpp">
      <Filter>Generated Files\Debug_x64</Filter>
    </ClCompile>
    <ClCompile Include="..\..\..\Build_MSVC\Qt\Win32\Release\Moc\moc_prtformatmanager.cpp">
      <Filter>Generated Files\Release_Win32</Filter>
    </ClCompile>
    <ClCompile Include="..\..\..\Build_MSVC\Qt\x64\Release\Moc\moc_prtformatmanager.cpp">
      <Filter>Generated Files\Release_x64</Filter>
    </ClCompile>
    <ClCompile Include="..\..\..\Build_MSVC\Qt\Win32\Debug\Moc\moc_ParameterPropertyExtensions.cpp">
      <Filter>Generated Files\Debug_Win32</Filter>
    </ClCompile>
    <ClCompile Include="..\..\..\Build_MSVC\Qt\x64\Debug\Moc\moc_ParameterPropertyExtensions.cpp">
      <Filter>Generated Files\Debug_x64</Filter>
    </ClCompile>
    <ClCompile Include="..\..\..\Build_MSVC\Qt\Win32\Release\Moc\moc_ParameterPropertyExtensions.cpp">
      <Filter>Generated Files\Release_Win32</Filter>
    </ClCompile>
    <ClCompile Include="..\..\..\Build_MSVC\Qt\x64\Release\Moc\moc_ParameterPropertyExtensions.cpp">
      <Filter>Generated Files\Release_x64</Filter>
    </ClCompile>
    <ClCompile Include="..\..\..\Build_MSVC\Qt\Win32\Debug\Moc\moc_OpenGLWindow.cpp">
      <Filter>Generated Files\Debug_Win32</Filter>
    </ClCompile>
    <ClCompile Include="..\..\..\Build_MSVC\Qt\x64\Debug\Moc\moc_OpenGLWindow.cpp">
      <Filter>Generated Files\Debug_x64</Filter>
    </ClCompile>
    <ClCompile Include="..\..\..\Build_MSVC\Qt\Win32\Release\Moc\moc_OpenGLWindow.cpp">
      <Filter>Generated Files\Release_Win32</Filter>
    </ClCompile>
    <ClCompile Include="..\..\..\Build_MSVC\Qt\x64\Release\Moc\moc_OpenGLWindow.cpp">
      <Filter>Generated Files\Release_x64</Filter>
    </ClCompile>
    <ClCompile Include="..\..\..\Build_MSVC\Qt\Win32\Debug\Moc\moc_ObjectParameterDialog.cpp">
      <Filter>Generated Files\Debug_Win32</Filter>
    </ClCompile>
    <ClCompile Include="..\..\..\Build_MSVC\Qt\x64\Debug\Moc\moc_ObjectParameterDialog.cpp">
      <Filter>Generated Files\Debug_x64</Filter>
    </ClCompile>
    <ClCompile Include="..\..\..\Build_MSVC\Qt\Win32\Release\Moc\moc_ObjectParameterDialog.cpp">
      <Filter>Generated Files\Release_Win32</Filter>
    </ClCompile>
    <ClCompile Include="..\..\..\Build_MSVC\Qt\x64\Release\Moc\moc_ObjectParameterDialog.cpp">
      <Filter>Generated Files\Release_x64</Filter>
    </ClCompile>
    <ClCompile Include="..\..\..\Build_MSVC\Qt\Win32\Debug\Moc\moc_ObjectConnectionsDialog.cpp">
      <Filter>Generated Files\Debug_Win32</Filter>
    </ClCompile>
    <ClCompile Include="..\..\..\Build_MSVC\Qt\x64\Debug\Moc\moc_ObjectConnectionsDialog.cpp">
      <Filter>Generated Files\Debug_x64</Filter>
    </ClCompile>
    <ClCompile Include="..\..\..\Build_MSVC\Qt\Win32\Release\Moc\moc_ObjectConnectionsDialog.cpp">
      <Filter>Generated Files\Release_Win32</Filter>
    </ClCompile>
    <ClCompile Include="..\..\..\Build_MSVC\Qt\x64\Release\Moc\moc_ObjectConnectionsDialog.cpp">
      <Filter>Generated Files\Release_x64</Filter>
    </ClCompile>
    <ClCompile Include="..\..\..\Build_MSVC\Qt\Win32\Debug\Moc\moc_ModelIndexProvider.cpp">
      <Filter>Generated Files\Debug_Win32</Filter>
    </ClCompile>
    <ClCompile Include="..\..\..\Build_MSVC\Qt\x64\Debug\Moc\moc_ModelIndexProvider.cpp">
      <Filter>Generated Files\Debug_x64</Filter>
    </ClCompile>
    <ClCompile Include="..\..\..\Build_MSVC\Qt\Win32\Release\Moc\moc_ModelIndexProvider.cpp">
      <Filter>Generated Files\Release_Win32</Filter>
    </ClCompile>
    <ClCompile Include="..\..\..\Build_MSVC\Qt\x64\Release\Moc\moc_ModelIndexProvider.cpp">
      <Filter>Generated Files\Release_x64</Filter>
    </ClCompile>
    <ClCompile Include="..\..\..\Build_MSVC\Qt\Win32\Debug\Moc\moc_ImageProcessor.cpp">
      <Filter>Generated Files\Debug_Win32</Filter>
    </ClCompile>
    <ClCompile Include="..\..\..\Build_MSVC\Qt\x64\Debug\Moc\moc_ImageProcessor.cpp">
      <Filter>Generated Files\Debug_x64</Filter>
    </ClCompile>
    <ClCompile Include="..\..\..\Build_MSVC\Qt\Win32\Release\Moc\moc_ImageProcessor.cpp">
      <Filter>Generated Files\Release_Win32</Filter>
    </ClCompile>
    <ClCompile Include="..\..\..\Build_MSVC\Qt\x64\Release\Moc\moc_ImageProcessor.cpp">
      <Filter>Generated Files\Release_x64</Filter>
    </ClCompile>
    <ClCompile Include="..\..\..\Build_MSVC\Qt\Win32\Debug\Moc\moc_ImageListModel.cpp">
      <Filter>Generated Files\Debug_Win32</Filter>
    </ClCompile>
    <ClCompile Include="..\..\..\Build_MSVC\Qt\x64\Debug\Moc\moc_ImageListModel.cpp">
      <Filter>Generated Files\Debug_x64</Filter>
    </ClCompile>
    <ClCompile Include="..\..\..\Build_MSVC\Qt\Win32\Release\Moc\moc_ImageListModel.cpp">
      <Filter>Generated Files\Release_Win32</Filter>
    </ClCompile>
    <ClCompile Include="..\..\..\Build_MSVC\Qt\x64\Release\Moc\moc_ImageListModel.cpp">
      <Filter>Generated Files\Release_x64</Filter>
    </ClCompile>
    <ClCompile Include="..\..\..\Build_MSVC\Qt\Win32\Debug\Moc\moc_FindDialog.cpp">
      <Filter>Generated Files\Debug_Win32</Filter>
    </ClCompile>
    <ClCompile Include="..\..\..\Build_MSVC\Qt\x64\Debug\Moc\moc_FindDialog.cpp">
      <Filter>Generated Files\Debug_x64</Filter>
    </ClCompile>
    <ClCompile Include="..\..\..\Build_MSVC\Qt\Win32\Release\Moc\moc_FindDialog.cpp">
      <Filter>Generated Files\Release_Win32</Filter>
    </ClCompile>
    <ClCompile Include="..\..\..\Build_MSVC\Qt\x64\Release\Moc\moc_FindDialog.cpp">
      <Filter>Generated Files\Release_x64</Filter>
    </ClCompile>
    <ClCompile Include="..\..\..\Build_MSVC\Qt\Win32\Debug\Moc\moc_FastThreadedTriggerTimer.cpp">
      <Filter>Generated Files\Debug_Win32</Filter>
    </ClCompile>
    <ClCompile Include="..\..\..\Build_MSVC\Qt\x64\Debug\Moc\moc_FastThreadedTriggerTimer.cpp">
      <Filter>Generated Files\Debug_x64</Filter>
    </ClCompile>
    <ClCompile Include="..\..\..\Build_MSVC\Qt\Win32\Release\Moc\moc_FastThreadedTriggerTimer.cpp">
      <Filter>Generated Files\Release_Win32</Filter>
    </ClCompile>
    <ClCompile Include="..\..\..\Build_MSVC\Qt\x64\Release\Moc\moc_FastThreadedTriggerTimer.cpp">
      <Filter>Generated Files\Release_x64</Filter>
    </ClCompile>
    <ClCompile Include="..\..\..\Build_MSVC\Qt\Win32\Debug\Moc\moc_ExperimentTreeModel.cpp">
      <Filter>Generated Files\Debug_Win32</Filter>
    </ClCompile>
    <ClCompile Include="..\..\..\Build_MSVC\Qt\x64\Debug\Moc\moc_ExperimentTreeModel.cpp">
      <Filter>Generated Files\Debug_x64</Filter>
    </ClCompile>
    <ClCompile Include="..\..\..\Build_MSVC\Qt\Win32\Release\Moc\moc_ExperimentTreeModel.cpp">
      <Filter>Generated Files\Release_Win32</Filter>
    </ClCompile>
    <ClCompile Include="..\..\..\Build_MSVC\Qt\x64\Release\Moc\moc_ExperimentTreeModel.cpp">
      <Filter>Generated Files\Release_x64</Filter>
    </ClCompile>
    <ClCompile Include="..\..\..\Build_MSVC\Qt\Win32\Debug\Moc\moc_ExperimentTreeFilterProxyModel.cpp">
      <Filter>Generated Files\Debug_Win32</Filter>
    </ClCompile>
    <ClCompile Include="..\..\..\Build_MSVC\Qt\x64\Debug\Moc\moc_ExperimentTreeFilterProxyModel.cpp">
      <Filter>Generated Files\Debug_x64</Filter>
    </ClCompile>
    <ClCompile Include="..\..\..\Build_MSVC\Qt\Win32\Release\Moc\moc_ExperimentTreeFilterProxyModel.cpp">
      <Filter>Generated Files\Release_Win32</Filter>
    </ClCompile>
    <ClCompile Include="..\..\..\Build_MSVC\Qt\x64\Release\Moc\moc_ExperimentTreeFilterProxyModel.cpp">
      <Filter>Generated Files\Release_x64</Filter>
    </ClCompile>
    <ClCompile Include="..\..\..\Build_MSVC\Qt\Win32\Debug\Moc\moc_ExperimentTimer.cpp">
      <Filter>Generated Files\Debug_Win32</Filter>
    </ClCompile>
    <ClCompile Include="..\..\..\Build_MSVC\Qt\x64\Debug\Moc\moc_ExperimentTimer.cpp">
      <Filter>Generated Files\Debug_x64</Filter>
    </ClCompile>
    <ClCompile Include="..\..\..\Build_MSVC\Qt\Win32\Release\Moc\moc_ExperimentTimer.cpp">
      <Filter>Generated Files\Release_Win32</Filter>
    </ClCompile>
    <ClCompile Include="..\..\..\Build_MSVC\Qt\x64\Release\Moc\moc_ExperimentTimer.cpp">
      <Filter>Generated Files\Release_x64</Filter>
    </ClCompile>
    <ClCompile Include="..\..\..\Build_MSVC\Qt\Win32\Debug\Moc\moc_ExperimentStructureVisualizer.cpp">
      <Filter>Generated Files\Debug_Win32</Filter>
    </ClCompile>
    <ClCompile Include="..\..\..\Build_MSVC\Qt\x64\Debug\Moc\moc_ExperimentStructureVisualizer.cpp">
      <Filter>Generated Files\Debug_x64</Filter>
    </ClCompile>
    <ClCompile Include="..\..\..\Build_MSVC\Qt\Win32\Release\Moc\moc_ExperimentStructureVisualizer.cpp">
      <Filter>Generated Files\Release_Win32</Filter>
    </ClCompile>
    <ClCompile Include="..\..\..\Build_MSVC\Qt\x64\Release\Moc\moc_ExperimentStructureVisualizer.cpp">
      <Filter>Generated Files\Release_x64</Filter>
    </ClCompile>
    <ClCompile Include="..\..\..\Build_MSVC\Qt\Win32\Debug\Moc\moc_ExperimentStructures.cpp">
      <Filter>Generated Files\Debug_Win32</Filter>
    </ClCompile>
    <ClCompile Include="..\..\..\Build_MSVC\Qt\x64\Debug\Moc\moc_ExperimentStructures.cpp">
      <Filter>Generated Files\Debug_x64</Filter>
    </ClCompile>
    <ClCompile Include="..\..\..\Build_MSVC\Qt\Win32\Release\Moc\moc_ExperimentStructures.cpp">
      <Filter>Generated Files\Release_Win32</Filter>
    </ClCompile>
    <ClCompile Include="..\..\..\Build_MSVC\Qt\x64\Release\Moc\moc_ExperimentStructures.cpp">
      <Filter>Generated Files\Release_x64</Filter>
    </ClCompile>
    <ClCompile Include="..\..\..\Build_MSVC\Qt\Win32\Debug\Moc\moc_ExperimentParameterWidgets.cpp">
      <Filter>Generated Files\Debug_Win32</Filter>
    </ClCompile>
    <ClCompile Include="..\..\..\Build_MSVC\Qt\x64\Debug\Moc\moc_ExperimentParameterWidgets.cpp">
      <Filter>Generated Files\Debug_x64</Filter>
    </ClCompile>
    <ClCompile Include="..\..\..\Build_MSVC\Qt\Win32\Release\Moc\moc_ExperimentParameterWidgets.cpp">
      <Filter>Generated Files\Release_Win32</Filter>
    </ClCompile>
    <ClCompile Include="..\..\..\Build_MSVC\Qt\x64\Release\Moc\moc_ExperimentParameterWidgets.cpp">
      <Filter>Generated Files\Release_x64</Filter>
    </ClCompile>
    <ClCompile Include="..\..\..\Build_MSVC\Qt\Win32\Debug\Moc\moc_ExperimentParameterVisualizer.cpp">
      <Filter>Generated Files\Debug_Win32</Filter>
    </ClCompile>
    <ClCompile Include="..\..\..\Build_MSVC\Qt\x64\Debug\Moc\moc_ExperimentParameterVisualizer.cpp">
      <Filter>Generated Files\Debug_x64</Filter>
    </ClCompile>
    <ClCompile Include="..\..\..\Build_MSVC\Qt\Win32\Release\Moc\moc_ExperimentParameterVisualizer.cpp">
      <Filter>Generated Files\Release_Win32</Filter>
    </ClCompile>
    <ClCompile Include="..\..\..\Build_MSVC\Qt\x64\Release\Moc\moc_ExperimentParameterVisualizer.cpp">
      <Filter>Generated Files\Release_x64</Filter>
    </ClCompile>
    <ClCompile Include="..\..\..\Build_MSVC\Qt\Win32\Debug\Moc\moc_ExperimentObjectsDialog.cpp">
      <Filter>Generated Files\Debug_Win32</Filter>
    </ClCompile>
    <ClCompile Include="..\..\..\Build_MSVC\Qt\x64\Debug\Moc\moc_ExperimentObjectsDialog.cpp">
      <Filter>Generated Files\Debug_x64</Filter>
    </ClCompile>
    <ClCompile Include="..\..\..\Build_MSVC\Qt\Win32\Release\Moc\moc_ExperimentObjectsDialog.cpp">
      <Filter>Generated Files\Release_Win32</Filter>
    </ClCompile>
    <ClCompile Include="..\..\..\Build_MSVC\Qt\x64\Release\Moc\moc_ExperimentObjectsDialog.cpp">
      <Filter>Generated Files\Release_x64</Filter>
    </ClCompile>
    <ClCompile Include="..\..\..\Build_MSVC\Qt\Win32\Debug\Moc\moc_ExperimentManager_dialog.cpp">
      <Filter>Generated Files\Debug_Win32</Filter>
    </ClCompile>
    <ClCompile Include="..\..\..\Build_MSVC\Qt\x64\Debug\Moc\moc_ExperimentManager_dialog.cpp">
      <Filter>Generated Files\Debug_x64</Filter>
    </ClCompile>
    <ClCompile Include="..\..\..\Build_MSVC\Qt\Win32\Release\Moc\moc_ExperimentManager_dialog.cpp">
      <Filter>Generated Files\Release_Win32</Filter>
    </ClCompile>
    <ClCompile Include="..\..\..\Build_MSVC\Qt\x64\Release\Moc\moc_ExperimentManager_dialog.cpp">
      <Filter>Generated Files\Release_x64</Filter>
    </ClCompile>
    <ClCompile Include="..\..\..\Build_MSVC\Qt\Win32\Debug\Moc\moc_ExperimentManagerplugin.cpp">
      <Filter>Generated Files\Debug_Win32</Filter>
    </ClCompile>
    <ClCompile Include="..\..\..\Build_MSVC\Qt\x64\Debug\Moc\moc_ExperimentManagerplugin.cpp">
      <Filter>Generated Files\Debug_x64</Filter>
    </ClCompile>
    <ClCompile Include="..\..\..\Build_MSVC\Qt\Win32\Release\Moc\moc_ExperimentManagerplugin.cpp">
      <Filter>Generated Files\Release_Win32</Filter>
    </ClCompile>
    <ClCompile Include="..\..\..\Build_MSVC\Qt\x64\Release\Moc\moc_ExperimentManagerplugin.cpp">
      <Filter>Generated Files\Release_x64</Filter>
    </ClCompile>
    <ClCompile Include="..\..\..\Build_MSVC\Qt\Win32\Debug\Moc\moc_ExperimentManager.cpp">
      <Filter>Generated Files\Debug_Win32</Filter>
    </ClCompile>
    <ClCompile Include="..\..\..\Build_MSVC\Qt\x64\Debug\Moc\moc_ExperimentManager.cpp">
      <Filter>Generated Files\Debug_x64</Filter>
    </ClCompile>
    <ClCompile Include="..\..\..\Build_MSVC\Qt\Win32\Release\Moc\moc_ExperimentManager.cpp">
      <Filter>Generated Files\Release_Win32</Filter>
    </ClCompile>
    <ClCompile Include="..\..\..\Build_MSVC\Qt\x64\Release\Moc\moc_ExperimentManager.cpp">
      <Filter>Generated Files\Release_x64</Filter>
    </ClCompile>
    <ClCompile Include="..\..\..\Build_MSVC\Qt\Win32\Debug\Moc\moc_experimentlogger.cpp">
      <Filter>Generated Files\Debug_Win32</Filter>
    </ClCompile>
    <ClCompile Include="..\..\..\Build_MSVC\Qt\x64\Debug\Moc\moc_experimentlogger.cpp">
      <Filter>Generated Files\Debug_x64</Filter>
    </ClCompile>
    <ClCompile Include="..\..\..\Build_MSVC\Qt\Win32\Release\Moc\moc_experimentlogger.cpp">
      <Filter>Generated Files\Release_Win32</Filter>
    </ClCompile>
    <ClCompile Include="..\..\..\Build_MSVC\Qt\x64\Release\Moc\moc_experimentlogger.cpp">
      <Filter>Generated Files\Release_x64</Filter>
    </ClCompile>
    <ClCompile Include="..\..\..\Build_MSVC\Qt\Win32\Debug\Moc\moc_ExperimentGraphicEditor.cpp">
      <Filter>Generated Files\Debug_Win32</Filter>
    </ClCompile>
    <ClCompile Include="..\..\..\Build_MSVC\Qt\x64\Debug\Moc\moc_ExperimentGraphicEditor.cpp">
      <Filter>Generated Files\Debug_x64</Filter>
    </ClCompile>
    <ClCompile Include="..\..\..\Build_MSVC\Qt\Win32\Release\Moc\moc_ExperimentGraphicEditor.cpp">
      <Filter>Generated Files\Release_Win32</Filter>
    </ClCompile>
    <ClCompile Include="..\..\..\Build_MSVC\Qt\x64\Release\Moc\moc_ExperimentGraphicEditor.cpp">
      <Filter>Generated Files\Release_x64</Filter>
    </ClCompile>
    <ClCompile Include="..\..\..\Build_MSVC\Qt\Win32\Debug\Moc\moc_ExperimentEngine.cpp">
      <Filter>Generated Files\Debug_Win32</Filter>
    </ClCompile>
    <ClCompile Include="..\..\..\Build_MSVC\Qt\x64\Debug\Moc\moc_ExperimentEngine.cpp">
      <Filter>Generated Files\Debug_x64</Filter>
    </ClCompile>
    <ClCompile Include="..\..\..\Build_MSVC\Qt\Win32\Release\Moc\moc_ExperimentEngine.cpp">
      <Filter>Generated Files\Release_Win32</Filter>
    </ClCompile>
    <ClCompile Include="..\..\..\Build_MSVC\Qt\x64\Release\Moc\moc_ExperimentEngine.cpp">
      <Filter>Generated Files\Release_x64</Filter>
    </ClCompile>
    <ClCompile Include="..\..\..\Build_MSVC\Qt\Win32\Debug\Moc\moc_ExperimentBlockParameterView.cpp">
      <Filter>Generated Files\Debug_Win32</Filter>
    </ClCompile>
    <ClCompile Include="..\..\..\Build_MSVC\Qt\x64\Debug\Moc\moc_ExperimentBlockParameterView.cpp">
      <Filter>Generated Files\Debug_x64</Filter>
    </ClCompile>
    <ClCompile Include="..\..\..\Build_MSVC\Qt\Win32\Release\Moc\moc_ExperimentBlockParameterView.cpp">
      <Filter>Generated Files\Release_Win32</Filter>
    </ClCompile>
    <ClCompile Include="..\..\..\Build_MSVC\Qt\x64\Release\Moc\moc_ExperimentBlockParameterView.cpp">
      <Filter>Generated Files\Release_x64</Filter>
    </ClCompile>
    <ClCompile Include="..\..\..\Build_MSVC\Qt\Win32\Debug\Moc\moc_CustomDockWidget.cpp">
      <Filter>Generated Files\Debug_Win32</Filter>
    </ClCompile>
    <ClCompile Include="..\..\..\Build_MSVC\Qt\x64\Debug\Moc\moc_CustomDockWidget.cpp">
      <Filter>Generated Files\Debug_x64</Filter>
    </ClCompile>
    <ClCompile Include="..\..\..\Build_MSVC\Qt\Win32\Release\Moc\moc_CustomDockWidget.cpp">
      <Filter>Generated Files\Release_Win32</Filter>
    </ClCompile>
    <ClCompile Include="..\..\..\Build_MSVC\Qt\x64\Release\Moc\moc_CustomDockWidget.cpp">
      <Filter>Generated Files\Release_x64</Filter>
    </ClCompile>
    <ClCompile Include="..\..\..\Build_MSVC\Qt\Win32\Debug\Moc\moc_BlockLoopsDialog.cpp">
      <Filter>Generated Files\Debug_Win32</Filter>
    </ClCompile>
    <ClCompile Include="..\..\..\Build_MSVC\Qt\x64\Debug\Moc\moc_BlockLoopsDialog.cpp">
      <Filter>Generated Files\Debug_x64</Filter>
    </ClCompile>
    <ClCompile Include="..\..\..\Build_MSVC\Qt\Win32\Release\Moc\moc_BlockLoopsDialog.cpp">
      <Filter>Generated Files\Release_Win32</Filter>
    </ClCompile>
    <ClCompile Include="..\..\..\Build_MSVC\Qt\x64\Release\Moc\moc_BlockLoopsDialog.cpp">
      <Filter>Generated Files\Release_x64</Filter>
    </ClCompile>
    <ClCompile Include="..\..\..\Build_MSVC\Qt\Win32\Debug\Moc\moc_AttributeWidget.cpp">
      <Filter>Generated Files\Debug_Win32</Filter>
    </ClCompile>
    <ClCompile Include="..\..\..\Build_MSVC\Qt\x64\Debug\Moc\moc_AttributeWidget.cpp">
      <Filter>Generated Files\Debug_x64</Filter>
    </ClCompile>
    <ClCompile Include="..\..\..\Build_MSVC\Qt\Win32\Release\Moc\moc_AttributeWidget.cpp">
      <Filter>Generated Files\Release_Win32</Filter>
    </ClCompile>
    <ClCompile Include="..\..\..\Build_MSVC\Qt\x64\Release\Moc\moc_AttributeWidget.cpp">
      <Filter>Generated Files\Release_x64</Filter>
    </ClCompile>
    <ClCompile Include="..\..\..\Build_MSVC\Qt\Win32\Debug\Moc\moc_qtquick2applicationviewer.cpp">
      <Filter>Generated Files\Debug_Win32</Filter>
    </ClCompile>
    <ClCompile Include="..\..\..\Build_MSVC\Qt\x64\Debug\Moc\moc_qtquick2applicationviewer.cpp">
      <Filter>Generated Files\Debug_x64</Filter>
    </ClCompile>
    <ClCompile Include="..\..\..\Build_MSVC\Qt\Win32\Release\Moc\moc_qtquick2applicationviewer.cpp">
      <Filter>Generated Files\Release_Win32</Filter>
    </ClCompile>
    <ClCompile Include="..\..\..\Build_MSVC\Qt\x64\Release\Moc\moc_qtquick2applicationviewer.cpp">
      <Filter>Generated Files\Release_x64</Filter>
    </ClCompile>
    <ClCompile Include="..\..\..\Build_MSVC\Qt\Win32\Debug\Moc\moc_QML2Viewer.cpp">
      <Filter>Generated Files\Debug_Win32</Filter>
    </ClCompile>
    <ClCompile Include="..\..\..\Build_MSVC\Qt\x64\Debug\Moc\moc_QML2Viewer.cpp">
      <Filter>Generated Files\Debug_x64</Filter>
    </ClCompile>
    <ClCompile Include="..\..\..\Build_MSVC\Qt\Win32\Release\Moc\moc_QML2Viewer.cpp">
      <Filter>Generated Files\Release_Win32</Filter>
    </ClCompile>
    <ClCompile Include="..\..\..\Build_MSVC\Qt\x64\Release\Moc\moc_QML2Viewer.cpp">
      <Filter>Generated Files\Release_x64</Filter>
    </ClCompile>
  </ItemGroup>
  <ItemGroup>
    <ClInclude Include="Global.h">
      <Filter>Header Files</Filter>
    </ClInclude>
    <ClInclude Include="StdAfx.h">
      <Filter>Header Files</Filter>
    </ClInclude>
    <ClInclude Include="..\..\..\Build_MSVC\Qt\$(PlatformName)\$(ConfigurationName)\GeneratedFiles\ui_ExperimentManager_dialog.h">
      <Filter>Generated Files</Filter>
    </ClInclude>
    <ClInclude Include="resource.h">
      <Filter>Header Files</Filter>
    </ClInclude>
    <ClInclude Include="defines.h">
      <Filter>Header Files</Filter>
    </ClInclude>
    <ClInclude Include="..\..\BrainStim\plugininterface.h">
      <Filter>Header Files</Filter>
    </ClInclude>
    <ClInclude Include="ModelRoles.h">
      <Filter>Header Files</Filter>
    </ClInclude>
    <ClInclude Include="RetinotopyMapperWindow.h">
      <Filter>Header Files</Filter>
    </ClInclude>
    <ClInclude Include="ExperimentUserInterface\ExperimentGraphicEditor_Global.h">
      <Filter>Header Files\ExperimentUserInterface</Filter>
    </ClInclude>
    <ClInclude Include="ExperimentUserInterface\ExperimentTreeItem.h">
      <Filter>Header Files\ExperimentUserInterface</Filter>
    </ClInclude>
    <ClInclude Include="..\..\..\Build_MSVC\Qt\$(PlatformName)\$(ConfigurationName)\GeneratedFiles\ui_AttributeWidget.h">
      <Filter>Generated Files</Filter>
    </ClInclude>
    <ClInclude Include="..\..\..\Build_MSVC\Qt\$(PlatformName)\$(ConfigurationName)\GeneratedFiles\ui_ExperimentParameterVisualizer.h">
      <Filter>Generated Files</Filter>
    </ClInclude>
    <ClInclude Include="..\..\..\Build_MSVC\Qt\$(PlatformName)\$(ConfigurationName)\GeneratedFiles\ui_ExperimentStructureVisualizer.h">
      <Filter>Generated Files</Filter>
    </ClInclude>
    <ClInclude Include="..\..\..\Build_MSVC\Qt\$(PlatformName)\$(ConfigurationName)\GeneratedFiles\ui_FindDialog.h">
      <Filter>Generated Files</Filter>
    </ClInclude>
    <ClInclude Include="..\..\..\Build_MSVC\Qt\$(PlatformName)\$(ConfigurationName)\GeneratedFiles\ui_ObjectParameterDialog.h">
      <Filter>Generated Files</Filter>
    </ClInclude>
    <ClInclude Include="..\..\..\Build_MSVC\Qt\$(PlatformName)\$(ConfigurationName)\GeneratedFiles\ui_BlockLoopsDialog.h">
      <Filter>Generated Files</Filter>
    </ClInclude>
    <ClInclude Include="ExperimentUserInterface\ExperimentGraphObjectItem.h">
      <Filter>Header Files\ExperimentUserInterface</Filter>
    </ClInclude>
    <ClInclude Include="ExperimentUserInterface\ExperimentGraphLoopItem.h">
      <Filter>Header Files\ExperimentUserInterface</Filter>
    </ClInclude>
    <ClInclude Include="E:\Projects\BrainStim\Source\Plugins\ExperimentManager\ExperimentUserInterface\ExperimentGraphMethodConnectionItem.h">
      <Filter>Header Files\ExperimentUserInterface</Filter>
    </ClInclude>
    <ClInclude Include="..\..\..\Build_MSVC\Qt\$(PlatformName)\$(ConfigurationName)\GeneratedFiles\ui_ExperimentObjectsDialog.h">
      <Filter>Generated Files</Filter>
    </ClInclude>
    <ClInclude Include="..\..\..\Build_MSVC\Qt\$(PlatformName)\$(ConfigurationName)\GeneratedFiles\ui_ObjectConnectionsDialog.h">
      <Filter>Generated Files</Filter>
    </ClInclude>
  </ItemGroup>
  <ItemGroup>
    <CustomBuild Include="experimentlogger.h">
      <Filter>Header Files</Filter>
    </CustomBuild>
    <CustomBuild Include="ExperimentManager.h">
      <Filter>Header Files</Filter>
    </CustomBuild>
    <CustomBuild Include="ExperimentManager_dialog.h">
      <Filter>Header Files</Filter>
    </CustomBuild>
    <CustomBuild Include="ExperimentManagerplugin.h">
      <Filter>Header Files</Filter>
    </CustomBuild>
    <CustomBuild Include="ExperimentTimer.h">
      <Filter>Header Files</Filter>
    </CustomBuild>
    <CustomBuild Include="ImageProcessor.h">
      <Filter>Header Files</Filter>
    </CustomBuild>
    <CustomBuild Include="RandomGenerator.h">
      <Filter>Header Files</Filter>
    </CustomBuild>
    <CustomBuild Include="ExperimentManager_dialog.ui">
      <Filter>Form Files</Filter>
    </CustomBuild>
    <CustomBuild Include="prtformatmanager.h">
      <Filter>Header Files</Filter>
    </CustomBuild>
    <CustomBuild Include="ModelIndexProvider.h">
      <Filter>Header Files</Filter>
    </CustomBuild>
    <CustomBuild Include="ImageListModel.h">
      <Filter>Header Files</Filter>
    </CustomBuild>
    <CustomBuild Include="QmlErrorHandler.h">
      <Filter>Header Files</Filter>
    </CustomBuild>
    <CustomBuild Include="XmlMessageHandler.h">
      <Filter>Header Files</Filter>
    </CustomBuild>
    <CustomBuild Include="TriggerTimer.h">
      <Filter>Header Files</Filter>
    </CustomBuild>
    <CustomBuild Include="CurrentTime.h">
      <Filter>Header Files</Filter>
    </CustomBuild>
    <CustomBuild Include="ExperimentParameter.h">
      <Filter>Header Files</Filter>
    </CustomBuild>
    <CustomBuild Include="ExperimentStructures.h">
      <Filter>Header Files</Filter>
    </CustomBuild>
    <CustomBuild Include="QML2Viewer.h">
      <Filter>Header Files</Filter>
    </CustomBuild>
    <CustomBuild Include="qtquick2applicationviewer.h">
      <Filter>Header Files</Filter>
    </CustomBuild>
    <CustomBuild Include="ExperimentEngine.h">
      <Filter>Header Files</Filter>
    </CustomBuild>
    <CustomBuild Include="ExperimentManager.qrc">
      <Filter>Resource Files</Filter>
    </CustomBuild>
    <CustomBuild Include="OpenGLWindow.h">
      <Filter>Header Files</Filter>
    </CustomBuild>
    <CustomBuild Include="RetinotopyMapper.h">
      <Filter>Header Files</Filter>
    </CustomBuild>
    <CustomBuild Include="QML2ModelIndexProvider.h">
      <Filter>Header Files</Filter>
    </CustomBuild>
    <CustomBuild Include="Qml2Interface.h">
      <Filter>Header Files</Filter>
    </CustomBuild>
    <CustomBuild Include="FastThreadedTriggerTimer.h">
      <Filter>Header Files</Filter>
    </CustomBuild>
    <CustomBuild Include="ExperimentUserInterface\AttributeWidget.h">
      <Filter>Header Files\ExperimentUserInterface</Filter>
    </CustomBuild>
    <CustomBuild Include="ExperimentUserInterface\ExperimentGraphicEditor.h">
      <Filter>Header Files\ExperimentUserInterface</Filter>
    </CustomBuild>
    <CustomBuild Include="ExperimentUserInterface\ExperimentParameterVisualizer.h">
      <Filter>Header Files\ExperimentUserInterface</Filter>
    </CustomBuild>
    <CustomBuild Include="ExperimentUserInterface\ExperimentStructureVisualizer.h">
      <Filter>Header Files\ExperimentUserInterface</Filter>
    </CustomBuild>
    <CustomBuild Include="ExperimentUserInterface\ExperimentTreeFilterProxyModel.h">
      <Filter>Header Files\ExperimentUserInterface</Filter>
    </CustomBuild>
    <CustomBuild Include="ExperimentUserInterface\ExperimentTreeModel.h">
      <Filter>Header Files\ExperimentUserInterface</Filter>
    </CustomBuild>
    <CustomBuild Include="ExperimentUserInterface\FindDialog.h">
      <Filter>Header Files\ExperimentUserInterface</Filter>
    </CustomBuild>
    <CustomBuild Include="ExperimentUserInterface\QGraphicsViewEc.h">
      <Filter>Header Files\ExperimentUserInterface</Filter>
    </CustomBuild>
    <CustomBuild Include="ExperimentUserInterface\AttributeWidget.ui">
      <Filter>Form Files</Filter>
    </CustomBuild>
    <CustomBuild Include="ExperimentUserInterface\ExperimentParameterVisualizer.ui">
      <Filter>Form Files</Filter>
    </CustomBuild>
    <CustomBuild Include="ExperimentUserInterface\ExperimentStructureVisualizer.ui">
      <Filter>Form Files</Filter>
    </CustomBuild>
    <CustomBuild Include="ExperimentUserInterface\FindDialog.ui">
      <Filter>Form Files</Filter>
    </CustomBuild>
    <CustomBuild Include="ExperimentParameterDefinition.h">
      <Filter>Header Files</Filter>
    </CustomBuild>
    <CustomBuild Include="ExperimentUserInterface\ParameterPropertyExtensions.h">
      <Filter>Header Files\ExperimentUserInterface</Filter>
    </CustomBuild>
    <CustomBuild Include="ExperimentUserInterface\ExperimentParameterWidgets.h">
      <Filter>Header Files\ExperimentUserInterface</Filter>
    </CustomBuild>
    <CustomBuild Include="ExperimentUserInterface\ExperimentBlockParameterView.h">
      <Filter>Header Files\ExperimentUserInterface</Filter>
    </CustomBuild>
    <CustomBuild Include="ExperimentUserInterface\ObjectParameterDialog.ui">
      <Filter>Form Files</Filter>
    </CustomBuild>
    <CustomBuild Include="ExperimentUserInterface\ObjectParameterDialog.h">
      <Filter>Header Files\ExperimentUserInterface</Filter>
    </CustomBuild>
    <CustomBuild Include="ExperimentUserInterface\ExperimentGraphBlockItem.h">
      <Filter>Header Files\ExperimentUserInterface</Filter>
    </CustomBuild>
    <CustomBuild Include="E:\Projects\BrainStim\Source\Plugins\ExperimentManager\ExperimentUserInterface\CustomDockWidget.h">
      <Filter>Header Files\ExperimentUserInterface</Filter>
    </CustomBuild>
    <CustomBuild Include="ExperimentUserInterface\ExperimentStructureScene.h">
      <Filter>Header Files\ExperimentUserInterface</Filter>
    </CustomBuild>
    <CustomBuild Include="E:\Projects\BrainStim\Source\Plugins\ExperimentManager\ExperimentUserInterface\BlockLoopsDialog.ui">
      <Filter>Form Files</Filter>
    </CustomBuild>
    <CustomBuild Include="E:\Projects\BrainStim\Source\Plugins\ExperimentManager\ExperimentUserInterface\BlockLoopsDialog.h">
      <Filter>Header Files\ExperimentUserInterface</Filter>
    </CustomBuild>
    <CustomBuild Include="E:\Projects\BrainStim\Source\Plugins\ExperimentManager\ExperimentUserInterface\ExperimentObjectsDialog.h">
      <Filter>Header Files\ExperimentUserInterface</Filter>
    </CustomBuild>
    <CustomBuild Include="E:\Projects\BrainStim\Source\Plugins\ExperimentManager\ExperimentUserInterface\ExperimentObjectsDialog.ui">
      <Filter>Form Files</Filter>
    </CustomBuild>
    <CustomBuild Include="ExperimentUserInterface\ObjectConnectionsDialog.ui">
      <Filter>Form Files</Filter>
    </CustomBuild>
    <CustomBuild Include="ExperimentUserInterface\ObjectConnectionsDialog.h">
      <Filter>Header Files\ExperimentUserInterface</Filter>
    </CustomBuild>
  </ItemGroup>
  <ItemGroup>
    <ResourceCompile Include="ExperimentManagerplugin.rc" />
  </ItemGroup>
  <ItemGroup>
    <None Include="licenseHeader.licenseheader" />
    <None Include="ClassDiagram1.cd" />
    <None Include="ExperimentManager.json" />
    <None Include="visualexperimenteditor\images\background1.png">
      <Filter>Images</Filter>
    </None>
    <None Include="visualexperimenteditor\images\background2.png">
      <Filter>Images</Filter>
    </None>
    <None Include="visualexperimenteditor\images\background3.png">
      <Filter>Images</Filter>
    </None>
    <None Include="visualexperimenteditor\images\background4.png">
      <Filter>Images</Filter>
    </None>
    <None Include="visualexperimenteditor\images\bold.png">
      <Filter>Images</Filter>
    </None>
    <None Include="visualexperimenteditor\images\bringtofront.png">
      <Filter>Images</Filter>
    </None>
    <None Include="visualexperimenteditor\images\delete.png">
      <Filter>Images</Filter>
    </None>
    <None Include="visualexperimenteditor\images\floodfill.png">
      <Filter>Images</Filter>
    </None>
    <None Include="visualexperimenteditor\images\italic.png">
      <Filter>Images</Filter>
    </None>
    <None Include="visualexperimenteditor\images\linecolor.png">
      <Filter>Images</Filter>
    </None>
    <None Include="visualexperimenteditor\images\linepointer.png">
      <Filter>Images</Filter>
    </None>
    <None Include="visualexperimenteditor\images\pointer.png">
      <Filter>Images</Filter>
    </None>
    <None Include="visualexperimenteditor\images\sendtoback.png">
      <Filter>Images</Filter>
    </None>
    <None Include="visualexperimenteditor\images\textpointer.png">
      <Filter>Images</Filter>
    </None>
    <None Include="visualexperimenteditor\images\underline.png">
      <Filter>Images</Filter>
    </None>
  </ItemGroup>
</Project>