<?xml version="1.0" encoding="utf-8"?>
<Project ToolsVersion="4.0" xmlns="http://schemas.microsoft.com/developer/msbuild/2003">
  <ItemGroup>
    <Filter Include="Source Files">
      <UniqueIdentifier>{4FC737F1-C7A5-4376-A066-2A32D752A2FF}</UniqueIdentifier>
      <Extensions>cpp;c;cxx;def;odl;idl;hpj;bat;asm;asmx</Extensions>
    </Filter>
    <Filter Include="Header Files">
      <UniqueIdentifier>{93995380-89BD-4b04-88EB-625FBE52EBFB}</UniqueIdentifier>
      <Extensions>h;hpp;hxx;hm;inl;inc;xsd</Extensions>
    </Filter>
    <Filter Include="Generated Files">
      <UniqueIdentifier>{71ED8ED8-ACB9-4CE9-BBE1-E00B30144E11}</UniqueIdentifier>
      <Extensions>cpp;c;cxx;moc;h;def;odl;idl;res;</Extensions>
    </Filter>
    <Filter Include="Generated Files\Debug_Win32">
      <UniqueIdentifier>{b77f3b1d-ced5-4904-ad3a-68d35860bd9d}</UniqueIdentifier>
      <Extensions>cpp;moc</Extensions>
      <SourceControlFiles>False</SourceControlFiles>
    </Filter>
    <Filter Include="Generated Files\Debug_x64">
      <UniqueIdentifier>{f1ce071a-6f03-4e0e-8f3b-958cf4433439}</UniqueIdentifier>
      <Extensions>cpp;moc</Extensions>
      <SourceControlFiles>False</SourceControlFiles>
    </Filter>
    <Filter Include="Generated Files\Release_Win32">
      <UniqueIdentifier>{6e18ee23-2610-435d-91d8-16e21d4fc84b}</UniqueIdentifier>
      <Extensions>cpp;moc</Extensions>
      <SourceControlFiles>False</SourceControlFiles>
    </Filter>
    <Filter Include="Generated Files\Release_x64">
      <UniqueIdentifier>{568febdd-f428-47f8-af4b-23c691f2a27a}</UniqueIdentifier>
      <Extensions>cpp;moc</Extensions>
      <SourceControlFiles>False</SourceControlFiles>
    </Filter>
    <Filter Include="Form Files">
      <UniqueIdentifier>{99349809-55BA-4b9d-BF79-8FDBB0286EB3}</UniqueIdentifier>
      <Extensions>ui</Extensions>
      <ParseFiles>false</ParseFiles>
    </Filter>
    <Filter Include="Resource Files">
      <UniqueIdentifier>{D9D6E242-F8AF-46E4-B9FD-80ECBC20BA3E}</UniqueIdentifier>
      <Extensions>qrc;*</Extensions>
      <ParseFiles>false</ParseFiles>
    </Filter>
    <Filter Include="Images">
      <UniqueIdentifier>{499de04b-8cab-4b1f-8403-734cd2f068f4}</UniqueIdentifier>
      <Extensions>png</Extensions>
    </Filter>
    <Filter Include="Header Files\ExperimentUserInterface">
      <UniqueIdentifier>{d0c6cafd-4d0c-42f7-93d8-0e39f5d7c8ca}</UniqueIdentifier>
    </Filter>
    <Filter Include="Source Files\ExperimentUserInterface">
      <UniqueIdentifier>{11be3109-3719-41df-a32a-a0103441ba5f}</UniqueIdentifier>
    </Filter>
  </ItemGroup>
  <ItemGroup>
    <ClCompile Include="experimentlogger.cpp">
      <Filter>Source Files</Filter>
    </ClCompile>
    <ClCompile Include="experimentmanager.cpp">
      <Filter>Source Files</Filter>
    </ClCompile>
    <ClCompile Include="experimentmanager_dialog.cpp">
      <Filter>Source Files</Filter>
    </ClCompile>
    <ClCompile Include="experimentmanagerplugin.cpp">
      <Filter>Source Files</Filter>
    </ClCompile>
    <ClCompile Include="experimenttimer.cpp">
      <Filter>Source Files</Filter>
    </ClCompile>
    <ClCompile Include="imageprocessor.cpp">
      <Filter>Source Files</Filter>
    </ClCompile>
    <ClCompile Include="randomgenerator.cpp">
      <Filter>Source Files</Filter>
    </ClCompile>
    <ClCompile Include="stdafx.cpp">
      <Filter>Source Files</Filter>
    </ClCompile>
    <ClCompile Include="prtformatmanager.cpp">
      <Filter>Source Files</Filter>
    </ClCompile>
    <ClCompile Include="modelindexprovider.cpp">
      <Filter>Source Files</Filter>
    </ClCompile>
    <ClCompile Include="imagelistmodel.cpp">
      <Filter>Source Files</Filter>
    </ClCompile>
    <ClCompile Include="qmlerrorhandler.cpp">
      <Filter>Source Files</Filter>
    </ClCompile>
    <ClCompile Include="xmlmessagehandler.cpp">
      <Filter>Source Files</Filter>
    </ClCompile>
    <ClCompile Include="triggertimer.cpp">
      <Filter>Source Files</Filter>
    </ClCompile>
    <ClCompile Include="currenttime.cpp">
      <Filter>Source Files</Filter>
    </ClCompile>
    <ClCompile Include="experimentstructures.cpp">
      <Filter>Source Files</Filter>
    </ClCompile>
    <ClCompile Include="qml2viewer.cpp">
      <Filter>Source Files</Filter>
    </ClCompile>
    <ClCompile Include="qtquick2applicationviewer.cpp">
      <Filter>Source Files</Filter>
    </ClCompile>
    <ClCompile Include="experimentengine.cpp">
      <Filter>Source Files</Filter>
    </ClCompile>
    <ClCompile Include="..\..\..\Build_MSVC\Qt\$(PlatformName)\$(ConfigurationName)\GeneratedFiles\qrc_ExperimentManager.cpp">
      <Filter>Generated Files</Filter>
    </ClCompile>
    <ClCompile Include="openglwindow.cpp">
      <Filter>Source Files</Filter>
    </ClCompile>
    <ClCompile Include="retinotopymapper.cpp">
      <Filter>Source Files</Filter>
    </ClCompile>
    <ClCompile Include="retinotopymapperwindow.cpp">
      <Filter>Source Files</Filter>
    </ClCompile>
    <ClCompile Include="qml2modelindexprovider.cpp">
      <Filter>Source Files</Filter>
    </ClCompile>
    <ClCompile Include="qml2interface.cpp">
      <Filter>Source Files</Filter>
    </ClCompile>
    <ClCompile Include="fastthreadedtriggertimer.cpp">
      <Filter>Source Files</Filter>
    </ClCompile>
    <ClCompile Include="ExperimentUserInterface\attributewidget.cpp">
      <Filter>Source Files\ExperimentUserInterface</Filter>
    </ClCompile>
    <ClCompile Include="ExperimentUserInterface\experimentgraphiceditor.cpp">
      <Filter>Source Files\ExperimentUserInterface</Filter>
    </ClCompile>
    <ClCompile Include="ExperimentUserInterface\experimenttreefilterproxymodel.cpp">
      <Filter>Source Files\ExperimentUserInterface</Filter>
    </ClCompile>
    <ClCompile Include="ExperimentUserInterface\experimenttreeitem.cpp">
      <Filter>Source Files\ExperimentUserInterface</Filter>
    </ClCompile>
    <ClCompile Include="ExperimentUserInterface\experimenttreemodel.cpp">
      <Filter>Source Files\ExperimentUserInterface</Filter>
    </ClCompile>
    <ClCompile Include="ExperimentUserInterface\finddialog.cpp">
      <Filter>Source Files\ExperimentUserInterface</Filter>
    </ClCompile>
    <ClCompile Include="ExperimentUserInterface\qgraphicsviewec.cpp">
      <Filter>Source Files\ExperimentUserInterface</Filter>
    </ClCompile>
    <ClCompile Include="ExperimentUserInterface\experimentblockparameterview.cpp">
      <Filter>Source Files\ExperimentUserInterface</Filter>
    </ClCompile>
    <ClCompile Include="ExperimentUserInterface\objectparameterdialog.cpp">
      <Filter>Source Files\ExperimentUserInterface</Filter>
    </ClCompile>
    <ClCompile Include="ExperimentUserInterface\experimentgraphblockitem.cpp">
      <Filter>Source Files\ExperimentUserInterface</Filter>
    </ClCompile>
    <ClCompile Include="ExperimentUserInterface\experimentstructurescene.cpp">
      <Filter>Source Files\ExperimentUserInterface</Filter>
    </ClCompile>
    <ClCompile Include="E:\Projects\BrainStim\Source\Plugins\ExperimentManager\ExperimentUserInterface\customdockwidget.cpp">
      <Filter>Source Files\ExperimentUserInterface</Filter>
    </ClCompile>
    <ClCompile Include="E:\Projects\BrainStim\Source\Plugins\ExperimentManager\ExperimentUserInterface\blockloopsdialog.cpp">
      <Filter>Source Files\ExperimentUserInterface</Filter>
    </ClCompile>
    <ClCompile Include="ExperimentUserInterface\experimentgraphobjectitem.cpp">
      <Filter>Source Files\ExperimentUserInterface</Filter>
    </ClCompile>
    <ClCompile Include="ExperimentUserInterface\experimentgraphloopitem.cpp">
      <Filter>Source Files\ExperimentUserInterface</Filter>
    </ClCompile>
    <ClCompile Include="E:\Projects\BrainStim\Source\Plugins\ExperimentManager\ExperimentUserInterface\experimentgraphmethodconnectionitem.cpp">
      <Filter>Source Files\ExperimentUserInterface</Filter>
    </ClCompile>
    <ClCompile Include="E:\Projects\BrainStim\Source\Plugins\ExperimentManager\ExperimentUserInterface\experimentobjectsdialog.cpp">
      <Filter>Source Files\ExperimentUserInterface</Filter>
    </ClCompile>
    <ClCompile Include="ExperimentUserInterface\objectconnectionsdialog.cpp">
      <Filter>Source Files\ExperimentUserInterface</Filter>
    </ClCompile>
    <ClCompile Include="..\..\..\Build_MSVC\Qt\Win32\Debug\Moc\moc_TriggerTimer.cpp">
      <Filter>Generated Files\Debug_Win32</Filter>
    </ClCompile>
    <ClCompile Include="..\..\..\Build_MSVC\Qt\x64\Debug\Moc\moc_TriggerTimer.cpp">
      <Filter>Generated Files\Debug_x64</Filter>
    </ClCompile>
    <ClCompile Include="..\..\..\Build_MSVC\Qt\Win32\Release\Moc\moc_TriggerTimer.cpp">
      <Filter>Generated Files\Release_Win32</Filter>
    </ClCompile>
    <ClCompile Include="..\..\..\Build_MSVC\Qt\x64\Release\Moc\moc_TriggerTimer.cpp">
      <Filter>Generated Files\Release_x64</Filter>
    </ClCompile>
    <ClCompile Include="..\..\..\Build_MSVC\Qt\Win32\Debug\Moc\moc_RetinotopyMapper.cpp">
      <Filter>Generated Files\Debug_Win32</Filter>
    </ClCompile>
    <ClCompile Include="..\..\..\Build_MSVC\Qt\x64\Debug\Moc\moc_RetinotopyMapper.cpp">
      <Filter>Generated Files\Debug_x64</Filter>
    </ClCompile>
    <ClCompile Include="..\..\..\Build_MSVC\Qt\Win32\Release\Moc\moc_RetinotopyMapper.cpp">
      <Filter>Generated Files\Release_Win32</Filter>
    </ClCompile>
    <ClCompile Include="..\..\..\Build_MSVC\Qt\x64\Release\Moc\moc_RetinotopyMapper.cpp">
      <Filter>Generated Files\Release_x64</Filter>
    </ClCompile>
    <ClCompile Include="..\..\..\Build_MSVC\Qt\Win32\Debug\Moc\moc_RandomGenerator.cpp">
      <Filter>Generated Files\Debug_Win32</Filter>
    </ClCompile>
    <ClCompile Include="..\..\..\Build_MSVC\Qt\x64\Debug\Moc\moc_RandomGenerator.cpp">
      <Filter>Generated Files\Debug_x64</Filter>
    </ClCompile>
    <ClCompile Include="..\..\..\Build_MSVC\Qt\Win32\Release\Moc\moc_RandomGenerator.cpp">
      <Filter>Generated Files\Release_Win32</Filter>
    </ClCompile>
    <ClCompile Include="..\..\..\Build_MSVC\Qt\x64\Release\Moc\moc_RandomGenerator.cpp">
      <Filter>Generated Files\Release_x64</Filter>
    </ClCompile>
    <ClCompile Include="..\..\..\Build_MSVC\Qt\Win32\Debug\Moc\moc_QmlErrorHandler.cpp">
      <Filter>Generated Files\Debug_Win32</Filter>
    </ClCompile>
    <ClCompile Include="..\..\..\Build_MSVC\Qt\x64\Debug\Moc\moc_QmlErrorHandler.cpp">
      <Filter>Generated Files\Debug_x64</Filter>
    </ClCompile>
    <ClCompile Include="..\..\..\Build_MSVC\Qt\Win32\Release\Moc\moc_QmlErrorHandler.cpp">
      <Filter>Generated Files\Release_Win32</Filter>
    </ClCompile>
    <ClCompile Include="..\..\..\Build_MSVC\Qt\x64\Release\Moc\moc_QmlErrorHandler.cpp">
      <Filter>Generated Files\Release_x64</Filter>
    </ClCompile>
    <ClCompile Include="..\..\..\Build_MSVC\Qt\Win32\Debug\Moc\moc_QML2ModelIndexProvider.cpp">
      <Filter>Generated Files\Debug_Win32</Filter>
    </ClCompile>
    <ClCompile Include="..\..\..\Build_MSVC\Qt\x64\Debug\Moc\moc_QML2ModelIndexProvider.cpp">
      <Filter>Generated Files\Debug_x64</Filter>
    </ClCompile>
    <ClCompile Include="..\..\..\Build_MSVC\Qt\Win32\Release\Moc\moc_QML2ModelIndexProvider.cpp">
      <Filter>Generated Files\Release_Win32</Filter>
    </ClCompile>
    <ClCompile Include="..\..\..\Build_MSVC\Qt\x64\Release\Moc\moc_QML2ModelIndexProvider.cpp">
      <Filter>Generated Files\Release_x64</Filter>
    </ClCompile>
    <ClCompile Include="..\..\..\Build_MSVC\Qt\Win32\Debug\Moc\moc_Qml2Interface.cpp">
      <Filter>Generated Files\Debug_Win32</Filter>
    </ClCompile>
    <ClCompile Include="..\..\..\Build_MSVC\Qt\x64\Debug\Moc\moc_Qml2Interface.cpp">
      <Filter>Generated Files\Debug_x64</Filter>
    </ClCompile>
    <ClCompile Include="..\..\..\Build_MSVC\Qt\Win32\Release\Moc\moc_Qml2Interface.cpp">
      <Filter>Generated Files\Release_Win32</Filter>
    </ClCompile>
    <ClCompile Include="..\..\..\Build_MSVC\Qt\x64\Release\Moc\moc_Qml2Interface.cpp">
      <Filter>Generated Files\Release_x64</Filter>
    </ClCompile>
    <ClCompile Include="..\..\..\Build_MSVC\Qt\Win32\Debug\Moc\moc_QGraphicsViewEc.cpp">
      <Filter>Generated Files\Debug_Win32</Filter>
    </ClCompile>
    <ClCompile Include="..\..\..\Build_MSVC\Qt\x64\Debug\Moc\moc_QGraphicsViewEc.cpp">
      <Filter>Generated Files\Debug_x64</Filter>
    </ClCompile>
    <ClCompile Include="..\..\..\Build_MSVC\Qt\Win32\Release\Moc\moc_QGraphicsViewEc.cpp">
      <Filter>Generated Files\Release_Win32</Filter>
    </ClCompile>
    <ClCompile Include="..\..\..\Build_MSVC\Qt\x64\Release\Moc\moc_QGraphicsViewEc.cpp">
      <Filter>Generated Files\Release_x64</Filter>
    </ClCompile>
    <ClCompile Include="..\..\..\Build_MSVC\Qt\Win32\Debug\Moc\moc_prtformatmanager.cpp">
      <Filter>Generated Files\Debug_Win32</Filter>
    </ClCompile>
    <ClCompile Include="..\..\..\Build_MSVC\Qt\x64\Debug\Moc\moc_prtformatmanager.cpp">
      <Filter>Generated Files\Debug_x64</Filter>
    </ClCompile>
    <ClCompile Include="..\..\..\Build_MSVC\Qt\Win32\Release\Moc\moc_prtformatmanager.cpp">
      <Filter>Generated Files\Release_Win32</Filter>
    </ClCompile>
    <ClCompile Include="..\..\..\Build_MSVC\Qt\x64\Release\Moc\moc_prtformatmanager.cpp">
      <Filter>Generated Files\Release_x64</Filter>
    </ClCompile>
    <ClCompile Include="..\..\..\Build_MSVC\Qt\Win32\Debug\Moc\moc_OpenGLWindow.cpp">
      <Filter>Generated Files\Debug_Win32</Filter>
    </ClCompile>
    <ClCompile Include="..\..\..\Build_MSVC\Qt\x64\Debug\Moc\moc_OpenGLWindow.cpp">
      <Filter>Generated Files\Debug_x64</Filter>
    </ClCompile>
    <ClCompile Include="..\..\..\Build_MSVC\Qt\Win32\Release\Moc\moc_OpenGLWindow.cpp">
      <Filter>Generated Files\Release_Win32</Filter>
    </ClCompile>
    <ClCompile Include="..\..\..\Build_MSVC\Qt\x64\Release\Moc\moc_OpenGLWindow.cpp">
      <Filter>Generated Files\Release_x64</Filter>
    </ClCompile>
    <ClCompile Include="..\..\..\Build_MSVC\Qt\Win32\Debug\Moc\moc_ObjectParameterDialog.cpp">
      <Filter>Generated Files\Debug_Win32</Filter>
    </ClCompile>
    <ClCompile Include="..\..\..\Build_MSVC\Qt\x64\Debug\Moc\moc_ObjectParameterDialog.cpp">
      <Filter>Generated Files\Debug_x64</Filter>
    </ClCompile>
    <ClCompile Include="..\..\..\Build_MSVC\Qt\Win32\Release\Moc\moc_ObjectParameterDialog.cpp">
      <Filter>Generated Files\Release_Win32</Filter>
    </ClCompile>
    <ClCompile Include="..\..\..\Build_MSVC\Qt\x64\Release\Moc\moc_ObjectParameterDialog.cpp">
      <Filter>Generated Files\Release_x64</Filter>
    </ClCompile>
    <ClCompile Include="..\..\..\Build_MSVC\Qt\Win32\Debug\Moc\moc_ObjectConnectionsDialog.cpp">
      <Filter>Generated Files\Debug_Win32</Filter>
    </ClCompile>
    <ClCompile Include="..\..\..\Build_MSVC\Qt\x64\Debug\Moc\moc_ObjectConnectionsDialog.cpp">
      <Filter>Generated Files\Debug_x64</Filter>
    </ClCompile>
    <ClCompile Include="..\..\..\Build_MSVC\Qt\Win32\Release\Moc\moc_ObjectConnectionsDialog.cpp">
      <Filter>Generated Files\Release_Win32</Filter>
    </ClCompile>
    <ClCompile Include="..\..\..\Build_MSVC\Qt\x64\Release\Moc\moc_ObjectConnectionsDialog.cpp">
      <Filter>Generated Files\Release_x64</Filter>
    </ClCompile>
    <ClCompile Include="..\..\..\Build_MSVC\Qt\Win32\Debug\Moc\moc_ModelIndexProvider.cpp">
      <Filter>Generated Files\Debug_Win32</Filter>
    </ClCompile>
    <ClCompile Include="..\..\..\Build_MSVC\Qt\x64\Debug\Moc\moc_ModelIndexProvider.cpp">
      <Filter>Generated Files\Debug_x64</Filter>
    </ClCompile>
    <ClCompile Include="..\..\..\Build_MSVC\Qt\Win32\Release\Moc\moc_ModelIndexProvider.cpp">
      <Filter>Generated Files\Release_Win32</Filter>
    </ClCompile>
    <ClCompile Include="..\..\..\Build_MSVC\Qt\x64\Release\Moc\moc_ModelIndexProvider.cpp">
      <Filter>Generated Files\Release_x64</Filter>
    </ClCompile>
    <ClCompile Include="..\..\..\Build_MSVC\Qt\Win32\Debug\Moc\moc_ImageProcessor.cpp">
      <Filter>Generated Files\Debug_Win32</Filter>
    </ClCompile>
    <ClCompile Include="..\..\..\Build_MSVC\Qt\x64\Debug\Moc\moc_ImageProcessor.cpp">
      <Filter>Generated Files\Debug_x64</Filter>
    </ClCompile>
    <ClCompile Include="..\..\..\Build_MSVC\Qt\Win32\Release\Moc\moc_ImageProcessor.cpp">
      <Filter>Generated Files\Release_Win32</Filter>
    </ClCompile>
    <ClCompile Include="..\..\..\Build_MSVC\Qt\x64\Release\Moc\moc_ImageProcessor.cpp">
      <Filter>Generated Files\Release_x64</Filter>
    </ClCompile>
    <ClCompile Include="..\..\..\Build_MSVC\Qt\Win32\Debug\Moc\moc_ImageListModel.cpp">
      <Filter>Generated Files\Debug_Win32</Filter>
    </ClCompile>
    <ClCompile Include="..\..\..\Build_MSVC\Qt\x64\Debug\Moc\moc_ImageListModel.cpp">
      <Filter>Generated Files\Debug_x64</Filter>
    </ClCompile>
    <ClCompile Include="..\..\..\Build_MSVC\Qt\Win32\Release\Moc\moc_ImageListModel.cpp">
      <Filter>Generated Files\Release_Win32</Filter>
    </ClCompile>
    <ClCompile Include="..\..\..\Build_MSVC\Qt\x64\Release\Moc\moc_ImageListModel.cpp">
      <Filter>Generated Files\Release_x64</Filter>
    </ClCompile>
    <ClCompile Include="..\..\..\Build_MSVC\Qt\Win32\Debug\Moc\moc_FindDialog.cpp">
      <Filter>Generated Files\Debug_Win32</Filter>
    </ClCompile>
    <ClCompile Include="..\..\..\Build_MSVC\Qt\x64\Debug\Moc\moc_FindDialog.cpp">
      <Filter>Generated Files\Debug_x64</Filter>
    </ClCompile>
    <ClCompile Include="..\..\..\Build_MSVC\Qt\Win32\Release\Moc\moc_FindDialog.cpp">
      <Filter>Generated Files\Release_Win32</Filter>
    </ClCompile>
    <ClCompile Include="..\..\..\Build_MSVC\Qt\x64\Release\Moc\moc_FindDialog.cpp">
      <Filter>Generated Files\Release_x64</Filter>
    </ClCompile>
    <ClCompile Include="..\..\..\Build_MSVC\Qt\Win32\Debug\Moc\moc_FastThreadedTriggerTimer.cpp">
      <Filter>Generated Files\Debug_Win32</Filter>
    </ClCompile>
    <ClCompile Include="..\..\..\Build_MSVC\Qt\x64\Debug\Moc\moc_FastThreadedTriggerTimer.cpp">
      <Filter>Generated Files\Debug_x64</Filter>
    </ClCompile>
    <ClCompile Include="..\..\..\Build_MSVC\Qt\Win32\Release\Moc\moc_FastThreadedTriggerTimer.cpp">
      <Filter>Generated Files\Release_Win32</Filter>
    </ClCompile>
    <ClCompile Include="..\..\..\Build_MSVC\Qt\x64\Release\Moc\moc_FastThreadedTriggerTimer.cpp">
      <Filter>Generated Files\Release_x64</Filter>
    </ClCompile>
    <ClCompile Include="..\..\..\Build_MSVC\Qt\Win32\Debug\Moc\moc_ExperimentTreeModel.cpp">
      <Filter>Generated Files\Debug_Win32</Filter>
    </ClCompile>
    <ClCompile Include="..\..\..\Build_MSVC\Qt\x64\Debug\Moc\moc_ExperimentTreeModel.cpp">
      <Filter>Generated Files\Debug_x64</Filter>
    </ClCompile>
    <ClCompile Include="..\..\..\Build_MSVC\Qt\Win32\Release\Moc\moc_ExperimentTreeModel.cpp">
      <Filter>Generated Files\Release_Win32</Filter>
    </ClCompile>
    <ClCompile Include="..\..\..\Build_MSVC\Qt\x64\Release\Moc\moc_ExperimentTreeModel.cpp">
      <Filter>Generated Files\Release_x64</Filter>
    </ClCompile>
    <ClCompile Include="..\..\..\Build_MSVC\Qt\Win32\Debug\Moc\moc_ExperimentTreeFilterProxyModel.cpp">
      <Filter>Generated Files\Debug_Win32</Filter>
    </ClCompile>
    <ClCompile Include="..\..\..\Build_MSVC\Qt\x64\Debug\Moc\moc_ExperimentTreeFilterProxyModel.cpp">
      <Filter>Generated Files\Debug_x64</Filter>
    </ClCompile>
    <ClCompile Include="..\..\..\Build_MSVC\Qt\Win32\Release\Moc\moc_ExperimentTreeFilterProxyModel.cpp">
      <Filter>Generated Files\Release_Win32</Filter>
    </ClCompile>
    <ClCompile Include="..\..\..\Build_MSVC\Qt\x64\Release\Moc\moc_ExperimentTreeFilterProxyModel.cpp">
      <Filter>Generated Files\Release_x64</Filter>
    </ClCompile>
    <ClCompile Include="..\..\..\Build_MSVC\Qt\Win32\Debug\Moc\moc_ExperimentTimer.cpp">
      <Filter>Generated Files\Debug_Win32</Filter>
    </ClCompile>
    <ClCompile Include="..\..\..\Build_MSVC\Qt\x64\Debug\Moc\moc_ExperimentTimer.cpp">
      <Filter>Generated Files\Debug_x64</Filter>
    </ClCompile>
    <ClCompile Include="..\..\..\Build_MSVC\Qt\Win32\Release\Moc\moc_ExperimentTimer.cpp">
      <Filter>Generated Files\Release_Win32</Filter>
    </ClCompile>
    <ClCompile Include="..\..\..\Build_MSVC\Qt\x64\Release\Moc\moc_ExperimentTimer.cpp">
      <Filter>Generated Files\Release_x64</Filter>
    </ClCompile>
    <ClCompile Include="..\..\..\Build_MSVC\Qt\Win32\Debug\Moc\moc_ExperimentStructures.cpp">
      <Filter>Generated Files\Debug_Win32</Filter>
    </ClCompile>
    <ClCompile Include="..\..\..\Build_MSVC\Qt\x64\Debug\Moc\moc_ExperimentStructures.cpp">
      <Filter>Generated Files\Debug_x64</Filter>
    </ClCompile>
    <ClCompile Include="..\..\..\Build_MSVC\Qt\Win32\Release\Moc\moc_ExperimentStructures.cpp">
      <Filter>Generated Files\Release_Win32</Filter>
    </ClCompile>
    <ClCompile Include="..\..\..\Build_MSVC\Qt\x64\Release\Moc\moc_ExperimentStructures.cpp">
      <Filter>Generated Files\Release_x64</Filter>
    </ClCompile>
    <ClCompile Include="..\..\..\Build_MSVC\Qt\Win32\Debug\Moc\moc_ExperimentObjectsDialog.cpp">
      <Filter>Generated Files\Debug_Win32</Filter>
    </ClCompile>
    <ClCompile Include="..\..\..\Build_MSVC\Qt\x64\Debug\Moc\moc_ExperimentObjectsDialog.cpp">
      <Filter>Generated Files\Debug_x64</Filter>
    </ClCompile>
    <ClCompile Include="..\..\..\Build_MSVC\Qt\Win32\Release\Moc\moc_ExperimentObjectsDialog.cpp">
      <Filter>Generated Files\Release_Win32</Filter>
    </ClCompile>
    <ClCompile Include="..\..\..\Build_MSVC\Qt\x64\Release\Moc\moc_ExperimentObjectsDialog.cpp">
      <Filter>Generated Files\Release_x64</Filter>
    </ClCompile>
    <ClCompile Include="..\..\..\Build_MSVC\Qt\Win32\Debug\Moc\moc_ExperimentManager_dialog.cpp">
      <Filter>Generated Files\Debug_Win32</Filter>
    </ClCompile>
    <ClCompile Include="..\..\..\Build_MSVC\Qt\x64\Debug\Moc\moc_ExperimentManager_dialog.cpp">
      <Filter>Generated Files\Debug_x64</Filter>
    </ClCompile>
    <ClCompile Include="..\..\..\Build_MSVC\Qt\Win32\Release\Moc\moc_ExperimentManager_dialog.cpp">
      <Filter>Generated Files\Release_Win32</Filter>
    </ClCompile>
    <ClCompile Include="..\..\..\Build_MSVC\Qt\x64\Release\Moc\moc_ExperimentManager_dialog.cpp">
      <Filter>Generated Files\Release_x64</Filter>
    </ClCompile>
    <ClCompile Include="..\..\..\Build_MSVC\Qt\Win32\Debug\Moc\moc_ExperimentManagerplugin.cpp">
      <Filter>Generated Files\Debug_Win32</Filter>
    </ClCompile>
    <ClCompile Include="..\..\..\Build_MSVC\Qt\x64\Debug\Moc\moc_ExperimentManagerplugin.cpp">
      <Filter>Generated Files\Debug_x64</Filter>
    </ClCompile>
    <ClCompile Include="..\..\..\Build_MSVC\Qt\Win32\Release\Moc\moc_ExperimentManagerplugin.cpp">
      <Filter>Generated Files\Release_Win32</Filter>
    </ClCompile>
    <ClCompile Include="..\..\..\Build_MSVC\Qt\x64\Release\Moc\moc_ExperimentManagerplugin.cpp">
      <Filter>Generated Files\Release_x64</Filter>
    </ClCompile>
    <ClCompile Include="..\..\..\Build_MSVC\Qt\Win32\Debug\Moc\moc_ExperimentManager.cpp">
      <Filter>Generated Files\Debug_Win32</Filter>
    </ClCompile>
    <ClCompile Include="..\..\..\Build_MSVC\Qt\x64\Debug\Moc\moc_ExperimentManager.cpp">
      <Filter>Generated Files\Debug_x64</Filter>
    </ClCompile>
    <ClCompile Include="..\..\..\Build_MSVC\Qt\Win32\Release\Moc\moc_ExperimentManager.cpp">
      <Filter>Generated Files\Release_Win32</Filter>
    </ClCompile>
    <ClCompile Include="..\..\..\Build_MSVC\Qt\x64\Release\Moc\moc_ExperimentManager.cpp">
      <Filter>Generated Files\Release_x64</Filter>
    </ClCompile>
    <ClCompile Include="..\..\..\Build_MSVC\Qt\Win32\Debug\Moc\moc_experimentlogger.cpp">
      <Filter>Generated Files\Debug_Win32</Filter>
    </ClCompile>
    <ClCompile Include="..\..\..\Build_MSVC\Qt\x64\Debug\Moc\moc_experimentlogger.cpp">
      <Filter>Generated Files\Debug_x64</Filter>
    </ClCompile>
    <ClCompile Include="..\..\..\Build_MSVC\Qt\Win32\Release\Moc\moc_experimentlogger.cpp">
      <Filter>Generated Files\Release_Win32</Filter>
    </ClCompile>
    <ClCompile Include="..\..\..\Build_MSVC\Qt\x64\Release\Moc\moc_experimentlogger.cpp">
      <Filter>Generated Files\Release_x64</Filter>
    </ClCompile>
    <ClCompile Include="..\..\..\Build_MSVC\Qt\Win32\Debug\Moc\moc_ExperimentGraphicEditor.cpp">
      <Filter>Generated Files\Debug_Win32</Filter>
    </ClCompile>
    <ClCompile Include="..\..\..\Build_MSVC\Qt\x64\Debug\Moc\moc_ExperimentGraphicEditor.cpp">
      <Filter>Generated Files\Debug_x64</Filter>
    </ClCompile>
    <ClCompile Include="..\..\..\Build_MSVC\Qt\Win32\Release\Moc\moc_ExperimentGraphicEditor.cpp">
      <Filter>Generated Files\Release_Win32</Filter>
    </ClCompile>
    <ClCompile Include="..\..\..\Build_MSVC\Qt\x64\Release\Moc\moc_ExperimentGraphicEditor.cpp">
      <Filter>Generated Files\Release_x64</Filter>
    </ClCompile>
    <ClCompile Include="..\..\..\Build_MSVC\Qt\Win32\Debug\Moc\moc_ExperimentEngine.cpp">
      <Filter>Generated Files\Debug_Win32</Filter>
    </ClCompile>
    <ClCompile Include="..\..\..\Build_MSVC\Qt\x64\Debug\Moc\moc_ExperimentEngine.cpp">
      <Filter>Generated Files\Debug_x64</Filter>
    </ClCompile>
    <ClCompile Include="..\..\..\Build_MSVC\Qt\Win32\Release\Moc\moc_ExperimentEngine.cpp">
      <Filter>Generated Files\Release_Win32</Filter>
    </ClCompile>
    <ClCompile Include="..\..\..\Build_MSVC\Qt\x64\Release\Moc\moc_ExperimentEngine.cpp">
      <Filter>Generated Files\Release_x64</Filter>
    </ClCompile>
    <ClCompile Include="..\..\..\Build_MSVC\Qt\Win32\Debug\Moc\moc_ExperimentBlockParameterView.cpp">
      <Filter>Generated Files\Debug_Win32</Filter>
    </ClCompile>
    <ClCompile Include="..\..\..\Build_MSVC\Qt\x64\Debug\Moc\moc_ExperimentBlockParameterView.cpp">
      <Filter>Generated Files\Debug_x64</Filter>
    </ClCompile>
    <ClCompile Include="..\..\..\Build_MSVC\Qt\Win32\Release\Moc\moc_ExperimentBlockParameterView.cpp">
      <Filter>Generated Files\Release_Win32</Filter>
    </ClCompile>
    <ClCompile Include="..\..\..\Build_MSVC\Qt\x64\Release\Moc\moc_ExperimentBlockParameterView.cpp">
      <Filter>Generated Files\Release_x64</Filter>
    </ClCompile>
    <ClCompile Include="..\..\..\Build_MSVC\Qt\Win32\Debug\Moc\moc_CustomDockWidget.cpp">
      <Filter>Generated Files\Debug_Win32</Filter>
    </ClCompile>
    <ClCompile Include="..\..\..\Build_MSVC\Qt\x64\Debug\Moc\moc_CustomDockWidget.cpp">
      <Filter>Generated Files\Debug_x64</Filter>
    </ClCompile>
    <ClCompile Include="..\..\..\Build_MSVC\Qt\Win32\Release\Moc\moc_CustomDockWidget.cpp">
      <Filter>Generated Files\Release_Win32</Filter>
    </ClCompile>
    <ClCompile Include="..\..\..\Build_MSVC\Qt\x64\Release\Moc\moc_CustomDockWidget.cpp">
      <Filter>Generated Files\Release_x64</Filter>
    </ClCompile>
    <ClCompile Include="..\..\..\Build_MSVC\Qt\Win32\Debug\Moc\moc_BlockLoopsDialog.cpp">
      <Filter>Generated Files\Debug_Win32</Filter>
    </ClCompile>
    <ClCompile Include="..\..\..\Build_MSVC\Qt\x64\Debug\Moc\moc_BlockLoopsDialog.cpp">
      <Filter>Generated Files\Debug_x64</Filter>
    </ClCompile>
    <ClCompile Include="..\..\..\Build_MSVC\Qt\Win32\Release\Moc\moc_BlockLoopsDialog.cpp">
      <Filter>Generated Files\Release_Win32</Filter>
    </ClCompile>
    <ClCompile Include="..\..\..\Build_MSVC\Qt\x64\Release\Moc\moc_BlockLoopsDialog.cpp">
      <Filter>Generated Files\Release_x64</Filter>
    </ClCompile>
    <ClCompile Include="..\..\..\Build_MSVC\Qt\Win32\Debug\Moc\moc_AttributeWidget.cpp">
      <Filter>Generated Files\Debug_Win32</Filter>
    </ClCompile>
    <ClCompile Include="..\..\..\Build_MSVC\Qt\x64\Debug\Moc\moc_AttributeWidget.cpp">
      <Filter>Generated Files\Debug_x64</Filter>
    </ClCompile>
    <ClCompile Include="..\..\..\Build_MSVC\Qt\Win32\Release\Moc\moc_AttributeWidget.cpp">
      <Filter>Generated Files\Release_Win32</Filter>
    </ClCompile>
    <ClCompile Include="..\..\..\Build_MSVC\Qt\x64\Release\Moc\moc_AttributeWidget.cpp">
      <Filter>Generated Files\Release_x64</Filter>
    </ClCompile>
    <ClCompile Include="..\..\..\Build_MSVC\Qt\Win32\Debug\Moc\moc_qtquick2applicationviewer.cpp">
      <Filter>Generated Files\Debug_Win32</Filter>
    </ClCompile>
    <ClCompile Include="..\..\..\Build_MSVC\Qt\x64\Debug\Moc\moc_qtquick2applicationviewer.cpp">
      <Filter>Generated Files\Debug_x64</Filter>
    </ClCompile>
    <ClCompile Include="..\..\..\Build_MSVC\Qt\Win32\Release\Moc\moc_qtquick2applicationviewer.cpp">
      <Filter>Generated Files\Release_Win32</Filter>
    </ClCompile>
    <ClCompile Include="..\..\..\Build_MSVC\Qt\x64\Release\Moc\moc_qtquick2applicationviewer.cpp">
      <Filter>Generated Files\Release_x64</Filter>
    </ClCompile>
    <ClCompile Include="..\..\..\Build_MSVC\Qt\Win32\Debug\Moc\moc_QML2Viewer.cpp">
      <Filter>Generated Files\Debug_Win32</Filter>
    </ClCompile>
    <ClCompile Include="..\..\..\Build_MSVC\Qt\x64\Debug\Moc\moc_QML2Viewer.cpp">
      <Filter>Generated Files\Debug_x64</Filter>
    </ClCompile>
    <ClCompile Include="..\..\..\Build_MSVC\Qt\Win32\Release\Moc\moc_QML2Viewer.cpp">
      <Filter>Generated Files\Release_Win32</Filter>
    </ClCompile>
    <ClCompile Include="..\..\..\Build_MSVC\Qt\x64\Release\Moc\moc_QML2Viewer.cpp">
      <Filter>Generated Files\Release_x64</Filter>
    </ClCompile>
    <ClCompile Include="..\..\..\Build_MSVC\Qt\Win32\Debug\Moc\moc_experimentmethodparamsconfiguration.cpp">
      <Filter>Generated Files\Debug_Win32</Filter>
    </ClCompile>
    <ClCompile Include="..\..\..\Build_MSVC\Qt\x64\Debug\Moc\moc_experimentmethodparamsconfiguration.cpp">
      <Filter>Generated Files\Debug_x64</Filter>
    </ClCompile>
    <ClCompile Include="..\..\..\Build_MSVC\Qt\Win32\Release\Moc\moc_experimentmethodparamsconfiguration.cpp">
      <Filter>Generated Files\Release_Win32</Filter>
    </ClCompile>
    <ClCompile Include="..\..\..\Build_MSVC\Qt\x64\Release\Moc\moc_experimentmethodparamsconfiguration.cpp">
      <Filter>Generated Files\Release_x64</Filter>
    </ClCompile>
    <ClCompile Include="ExperimentUserInterface\experimentmethodparamsconfiguration.cpp">
      <Filter>Source Files\ExperimentUserInterface</Filter>
    </ClCompile>
    <ClCompile Include="..\..\..\Build_MSVC\Qt\Win32\Debug\Moc\moc_experimentstructurevisualizer.cpp">
      <Filter>Generated Files\Debug_Win32</Filter>
    </ClCompile>
    <ClCompile Include="..\..\..\Build_MSVC\Qt\x64\Debug\Moc\moc_experimentstructurevisualizer.cpp">
      <Filter>Generated Files\Debug_x64</Filter>
    </ClCompile>
    <ClCompile Include="..\..\..\Build_MSVC\Qt\Win32\Release\Moc\moc_experimentstructurevisualizer.cpp">
      <Filter>Generated Files\Release_Win32</Filter>
    </ClCompile>
    <ClCompile Include="..\..\..\Build_MSVC\Qt\x64\Release\Moc\moc_experimentstructurevisualizer.cpp">
      <Filter>Generated Files\Release_x64</Filter>
    </ClCompile>
    <ClCompile Include="ExperimentUserInterface\experimentstructurevisualizer.cpp">
      <Filter>Source Files\ExperimentUserInterface</Filter>
    </ClCompile>
    <ClCompile Include="ExperimentUserInterface\experimentpropertysettingextensions.cpp">
      <Filter>Source Files\ExperimentUserInterface</Filter>
    </ClCompile>
    <ClCompile Include="..\..\..\Build_MSVC\Qt\Win32\Debug\Moc\moc_experimentpropertysettingextensions.cpp">
      <Filter>Generated Files\Debug_Win32</Filter>
    </ClCompile>
    <ClCompile Include="..\..\..\Build_MSVC\Qt\x64\Debug\Moc\moc_experimentpropertysettingextensions.cpp">
      <Filter>Generated Files\Debug_x64</Filter>
    </ClCompile>
    <ClCompile Include="..\..\..\Build_MSVC\Qt\Win32\Release\Moc\moc_experimentpropertysettingextensions.cpp">
      <Filter>Generated Files\Release_Win32</Filter>
    </ClCompile>
    <ClCompile Include="..\..\..\Build_MSVC\Qt\x64\Release\Moc\moc_experimentpropertysettingextensions.cpp">
      <Filter>Generated Files\Release_x64</Filter>
    </ClCompile>
  </ItemGroup>
  <ItemGroup>
    <ClInclude Include="global.h">
      <Filter>Header Files</Filter>
    </ClInclude>
    <ClInclude Include="stdafx.h">
      <Filter>Header Files</Filter>
    </ClInclude>
    <ClInclude Include="..\..\..\Build_MSVC\Qt\$(PlatformName)\$(ConfigurationName)\GeneratedFiles\ui_ExperimentManager_dialog.h">
      <Filter>Generated Files</Filter>
    </ClInclude>
    <ClInclude Include="resource.h">
      <Filter>Header Files</Filter>
    </ClInclude>
    <ClInclude Include="defines.h">
      <Filter>Header Files</Filter>
    </ClInclude>
    <ClInclude Include="..\..\BrainStim\plugininterface.h">
      <Filter>Header Files</Filter>
    </ClInclude>
    <ClInclude Include="modelroles.h">
      <Filter>Header Files</Filter>
    </ClInclude>
    <ClInclude Include="retinotopymapperwindow.h">
      <Filter>Header Files</Filter>
    </ClInclude>
    <ClInclude Include="ExperimentUserInterface\experimentgraphiceditor_global.h">
      <Filter>Header Files\ExperimentUserInterface</Filter>
    </ClInclude>
    <ClInclude Include="ExperimentUserInterface\experimenttreeitem.h">
      <Filter>Header Files\ExperimentUserInterface</Filter>
    </ClInclude>
    <ClInclude Include="..\..\..\Build_MSVC\Qt\$(PlatformName)\$(ConfigurationName)\GeneratedFiles\ui_AttributeWidget.h">
      <Filter>Generated Files</Filter>
    </ClInclude>
    <ClInclude Include="..\..\..\Build_MSVC\Qt\$(PlatformName)\$(ConfigurationName)\GeneratedFiles\ui_FindDialog.h">
      <Filter>Generated Files</Filter>
    </ClInclude>
    <ClInclude Include="..\..\..\Build_MSVC\Qt\$(PlatformName)\$(ConfigurationName)\GeneratedFiles\ui_ObjectParameterDialog.h">
      <Filter>Generated Files</Filter>
    </ClInclude>
    <ClInclude Include="..\..\..\Build_MSVC\Qt\$(PlatformName)\$(ConfigurationName)\GeneratedFiles\ui_BlockLoopsDialog.h">
      <Filter>Generated Files</Filter>
    </ClInclude>
    <ClInclude Include="ExperimentUserInterface\experimentgraphobjectitem.h">
      <Filter>Header Files\ExperimentUserInterface</Filter>
    </ClInclude>
    <ClInclude Include="ExperimentUserInterface\experimentgraphloopitem.h">
      <Filter>Header Files\ExperimentUserInterface</Filter>
    </ClInclude>
    <ClInclude Include="E:\Projects\BrainStim\Source\Plugins\ExperimentManager\ExperimentUserInterface\experimentgraphmethodconnectionitem.h">
      <Filter>Header Files\ExperimentUserInterface</Filter>
    </ClInclude>
    <ClInclude Include="..\..\..\Build_MSVC\Qt\$(PlatformName)\$(ConfigurationName)\GeneratedFiles\ui_ExperimentObjectsDialog.h">
      <Filter>Generated Files</Filter>
    </ClInclude>
    <ClInclude Include="..\..\..\Build_MSVC\Qt\$(PlatformName)\$(ConfigurationName)\GeneratedFiles\ui_ObjectConnectionsDialog.h">
      <Filter>Generated Files</Filter>
    </ClInclude>
    <ClInclude Include="..\..\..\Build_MSVC\Qt\$(PlatformName)\$(ConfigurationName)\GeneratedFiles\ui_experimentmethodparamsconfiguration.h">
      <Filter>Generated Files</Filter>
    </ClInclude>
    <ClInclude Include="..\..\..\Build_MSVC\Qt\$(PlatformName)\$(ConfigurationName)\GeneratedFiles\ui_experimentstructurevisualizer.h">
      <Filter>Generated Files</Filter>
    </ClInclude>
  </ItemGroup>
  <ItemGroup>
    <CustomBuild Include="experimentlogger.h">
      <Filter>Header Files</Filter>
    </CustomBuild>
    <CustomBuild Include="experimentmanager.h">
      <Filter>Header Files</Filter>
    </CustomBuild>
    <CustomBuild Include="experimentmanager_dialog.h">
      <Filter>Header Files</Filter>
    </CustomBuild>
    <CustomBuild Include="experimentmanagerplugin.h">
      <Filter>Header Files</Filter>
    </CustomBuild>
    <CustomBuild Include="experimenttimer.h">
      <Filter>Header Files</Filter>
    </CustomBuild>
    <CustomBuild Include="imageprocessor.h">
      <Filter>Header Files</Filter>
    </CustomBuild>
    <CustomBuild Include="randomgenerator.h">
      <Filter>Header Files</Filter>
    </CustomBuild>
    <CustomBuild Include="experimentmanager_dialog.ui">
      <Filter>Form Files</Filter>
    </CustomBuild>
    <CustomBuild Include="prtformatmanager.h">
      <Filter>Header Files</Filter>
    </CustomBuild>
    <CustomBuild Include="modelindexprovider.h">
      <Filter>Header Files</Filter>
    </CustomBuild>
    <CustomBuild Include="imagelistmodel.h">
      <Filter>Header Files</Filter>
    </CustomBuild>
    <CustomBuild Include="qmlerrorhandler.h">
      <Filter>Header Files</Filter>
    </CustomBuild>
    <CustomBuild Include="xmlmessagehandler.h">
      <Filter>Header Files</Filter>
    </CustomBuild>
    <CustomBuild Include="triggertimer.h">
      <Filter>Header Files</Filter>
    </CustomBuild>
    <CustomBuild Include="currenttime.h">
      <Filter>Header Files</Filter>
    </CustomBuild>
    <CustomBuild Include="experimentstructures.h">
      <Filter>Header Files</Filter>
    </CustomBuild>
    <CustomBuild Include="qml2viewer.h">
      <Filter>Header Files</Filter>
    </CustomBuild>
    <CustomBuild Include="qtquick2applicationviewer.h">
      <Filter>Header Files</Filter>
    </CustomBuild>
    <CustomBuild Include="experimentengine.h">
      <Filter>Header Files</Filter>
    </CustomBuild>
    <CustomBuild Include="experimentmanager.qrc">
      <Filter>Resource Files</Filter>
    </CustomBuild>
    <CustomBuild Include="openglwindow.h">
      <Filter>Header Files</Filter>
    </CustomBuild>
    <CustomBuild Include="retinotopymapper.h">
      <Filter>Header Files</Filter>
    </CustomBuild>
    <CustomBuild Include="qml2modelindexprovider.h">
      <Filter>Header Files</Filter>
    </CustomBuild>
    <CustomBuild Include="qml2interface.h">
      <Filter>Header Files</Filter>
    </CustomBuild>
    <CustomBuild Include="fastthreadedtriggertimer.h">
      <Filter>Header Files</Filter>
    </CustomBuild>
    <CustomBuild Include="ExperimentUserInterface\attributewidget.h">
      <Filter>Header Files\ExperimentUserInterface</Filter>
    </CustomBuild>
    <CustomBuild Include="ExperimentUserInterface\experimentgraphiceditor.h">
      <Filter>Header Files\ExperimentUserInterface</Filter>
    </CustomBuild>
    <CustomBuild Include="ExperimentUserInterface\experimenttreefilterproxymodel.h">
      <Filter>Header Files\ExperimentUserInterface</Filter>
    </CustomBuild>
    <CustomBuild Include="ExperimentUserInterface\experimenttreemodel.h">
      <Filter>Header Files\ExperimentUserInterface</Filter>
    </CustomBuild>
    <CustomBuild Include="ExperimentUserInterface\finddialog.h">
      <Filter>Header Files\ExperimentUserInterface</Filter>
    </CustomBuild>
    <CustomBuild Include="ExperimentUserInterface\qgraphicsviewec.h">
      <Filter>Header Files\ExperimentUserInterface</Filter>
    </CustomBuild>
    <CustomBuild Include="ExperimentUserInterface\attributewidget.ui">
      <Filter>Form Files</Filter>
    </CustomBuild>
    <CustomBuild Include="ExperimentUserInterface\finddialog.ui">
      <Filter>Form Files</Filter>
    </CustomBuild>
    <CustomBuild Include="ExperimentUserInterface\experimentblockparameterview.h">
      <Filter>Header Files\ExperimentUserInterface</Filter>
    </CustomBuild>
    <CustomBuild Include="ExperimentUserInterface\objectparameterdialog.ui">
      <Filter>Form Files</Filter>
    </CustomBuild>
    <CustomBuild Include="ExperimentUserInterface\objectparameterdialog.h">
      <Filter>Header Files\ExperimentUserInterface</Filter>
    </CustomBuild>
    <CustomBuild Include="ExperimentUserInterface\experimentgraphblockitem.h">
      <Filter>Header Files\ExperimentUserInterface</Filter>
    </CustomBuild>
    <CustomBuild Include="E:\Projects\BrainStim\Source\Plugins\ExperimentManager\ExperimentUserInterface\customdockwidget.h">
      <Filter>Header Files\ExperimentUserInterface</Filter>
    </CustomBuild>
    <CustomBuild Include="ExperimentUserInterface\experimentstructurescene.h">
      <Filter>Header Files\ExperimentUserInterface</Filter>
    </CustomBuild>
    <CustomBuild Include="E:\Projects\BrainStim\Source\Plugins\ExperimentManager\ExperimentUserInterface\blockloopsdialog.ui">
      <Filter>Form Files</Filter>
    </CustomBuild>
    <CustomBuild Include="E:\Projects\BrainStim\Source\Plugins\ExperimentManager\ExperimentUserInterface\blockloopsdialog.h">
      <Filter>Header Files\ExperimentUserInterface</Filter>
    </CustomBuild>
    <CustomBuild Include="E:\Projects\BrainStim\Source\Plugins\ExperimentManager\ExperimentUserInterface\experimentobjectsdialog.h">
      <Filter>Header Files\ExperimentUserInterface</Filter>
    </CustomBuild>
    <CustomBuild Include="E:\Projects\BrainStim\Source\Plugins\ExperimentManager\ExperimentUserInterface\experimentobjectsdialog.ui">
      <Filter>Form Files</Filter>
    </CustomBuild>
    <CustomBuild Include="ExperimentUserInterface\objectconnectionsdialog.ui">
      <Filter>Form Files</Filter>
    </CustomBuild>
    <CustomBuild Include="ExperimentUserInterface\objectconnectionsdialog.h">
      <Filter>Header Files\ExperimentUserInterface</Filter>
    </CustomBuild>
    <CustomBuild Include="ExperimentUserInterface\experimentmethodparamsconfiguration.ui">
      <Filter>Form Files</Filter>
    </CustomBuild>
    <CustomBuild Include="ExperimentUserInterface\experimentmethodparamsconfiguration.h">
      <Filter>Header Files\ExperimentUserInterface</Filter>
    </CustomBuild>
    <CustomBuild Include="ExperimentUserInterface\experimentstructurevisualizer.ui">
      <Filter>Form Files</Filter>
    </CustomBuild>
    <CustomBuild Include="ExperimentUserInterface\experimentstructurevisualizer.h">
      <Filter>Header Files\ExperimentUserInterface</Filter>
    </CustomBuild>
    <CustomBuild Include="ExperimentUserInterface\experimentpropertysettingextensions.h">
      <Filter>Header Files\ExperimentUserInterface</Filter>
    </CustomBuild>
  </ItemGroup>
  <ItemGroup>
    <ResourceCompile Include="experimentmanagerplugin.rc" />
  </ItemGroup>
  <ItemGroup>
    <None Include="licenseheader.licenseheader" />
    <None Include="ClassDiagram1.cd" />
    <None Include="experimentmanager.json" />
  </ItemGroup>
</Project>